// !$*UTF8*$!
{
	archiveVersion = 1;
	classes = {
	};
	objectVersion = 50;
	objects = {

/* Begin PBXBuildFile section */
		0AD18729E39AB01CA0532333 /* Pods_whack_a_jelly_whack_a_jellyUITests.framework in Frameworks */ = {isa = PBXBuildFile; fileRef = 877A6B58A8084633F9990DB0 /* Pods_whack_a_jelly_whack_a_jellyUITests.framework */; };
		516B53885EA6BD26EAE2D402 /* Pods_whack_a_jellyTests.framework in Frameworks */ = {isa = PBXBuildFile; fileRef = 8311D316C3761C7B4C4A4600 /* Pods_whack_a_jellyTests.framework */; };
		7F50B5A60ED1617D16BE5245 /* Pods_whack_a_jelly.framework in Frameworks */ = {isa = PBXBuildFile; fileRef = B2A74DDE5CF3B63181DDFE80 /* Pods_whack_a_jelly.framework */; };
		C0543A3423E3CD3900F339D9 /* art.scnassets in Resources */ = {isa = PBXBuildFile; fileRef = C0543A3323E3CD3900F339D9 /* art.scnassets */; };
		C088269423E2A4360064EB67 /* AppDelegate.swift in Sources */ = {isa = PBXBuildFile; fileRef = C088269323E2A4360064EB67 /* AppDelegate.swift */; };
		C088269623E2A4360064EB67 /* ViewController.swift in Sources */ = {isa = PBXBuildFile; fileRef = C088269523E2A4360064EB67 /* ViewController.swift */; };
		C088269923E2A4360064EB67 /* Main.storyboard in Resources */ = {isa = PBXBuildFile; fileRef = C088269723E2A4360064EB67 /* Main.storyboard */; };
		C088269B23E2A4390064EB67 /* Assets.xcassets in Resources */ = {isa = PBXBuildFile; fileRef = C088269A23E2A4390064EB67 /* Assets.xcassets */; };
		C088269E23E2A4390064EB67 /* LaunchScreen.storyboard in Resources */ = {isa = PBXBuildFile; fileRef = C088269C23E2A4390064EB67 /* LaunchScreen.storyboard */; };
		C08826A923E2A43A0064EB67 /* whack_a_jellyTests.swift in Sources */ = {isa = PBXBuildFile; fileRef = C08826A823E2A43A0064EB67 /* whack_a_jellyTests.swift */; };
		C08826B423E2A43A0064EB67 /* whack_a_jellyUITests.swift in Sources */ = {isa = PBXBuildFile; fileRef = C08826B323E2A43A0064EB67 /* whack_a_jellyUITests.swift */; };
		C08826C423E3CACB0064EB67 /* Jellyfish.png in Resources */ = {isa = PBXBuildFile; fileRef = C08826C323E3CACB0064EB67 /* Jellyfish.png */; };
/* End PBXBuildFile section */

/* Begin PBXContainerItemProxy section */
		C08826A523E2A43A0064EB67 /* PBXContainerItemProxy */ = {
			isa = PBXContainerItemProxy;
			containerPortal = C088268823E2A4360064EB67 /* Project object */;
			proxyType = 1;
			remoteGlobalIDString = C088268F23E2A4360064EB67;
			remoteInfo = whack_a_jelly;
		};
		C08826B023E2A43A0064EB67 /* PBXContainerItemProxy */ = {
			isa = PBXContainerItemProxy;
			containerPortal = C088268823E2A4360064EB67 /* Project object */;
			proxyType = 1;
			remoteGlobalIDString = C088268F23E2A4360064EB67;
			remoteInfo = whack_a_jelly;
		};
/* End PBXContainerItemProxy section */

/* Begin PBXFileReference section */
		5A6CFB8A005B881FD8E8387D /* Pods-whack_a_jelly.debug.xcconfig */ = {isa = PBXFileReference; includeInIndex = 1; lastKnownFileType = text.xcconfig; name = "Pods-whack_a_jelly.debug.xcconfig"; path = "Target Support Files/Pods-whack_a_jelly/Pods-whack_a_jelly.debug.xcconfig"; sourceTree = "<group>"; };
		80396E543AAA04884B8E2A26 /* Pods-whack_a_jelly-whack_a_jellyUITests.release.xcconfig */ = {isa = PBXFileReference; includeInIndex = 1; lastKnownFileType = text.xcconfig; name = "Pods-whack_a_jelly-whack_a_jellyUITests.release.xcconfig"; path = "Target Support Files/Pods-whack_a_jelly-whack_a_jellyUITests/Pods-whack_a_jelly-whack_a_jellyUITests.release.xcconfig"; sourceTree = "<group>"; };
		8311D316C3761C7B4C4A4600 /* Pods_whack_a_jellyTests.framework */ = {isa = PBXFileReference; explicitFileType = wrapper.framework; includeInIndex = 0; path = Pods_whack_a_jellyTests.framework; sourceTree = BUILT_PRODUCTS_DIR; };
		877A6B58A8084633F9990DB0 /* Pods_whack_a_jelly_whack_a_jellyUITests.framework */ = {isa = PBXFileReference; explicitFileType = wrapper.framework; includeInIndex = 0; path = Pods_whack_a_jelly_whack_a_jellyUITests.framework; sourceTree = BUILT_PRODUCTS_DIR; };
		AB55E7F478B3D5D991F98A84 /* Pods-whack_a_jellyTests.release.xcconfig */ = {isa = PBXFileReference; includeInIndex = 1; lastKnownFileType = text.xcconfig; name = "Pods-whack_a_jellyTests.release.xcconfig"; path = "Target Support Files/Pods-whack_a_jellyTests/Pods-whack_a_jellyTests.release.xcconfig"; sourceTree = "<group>"; };
		B2A74DDE5CF3B63181DDFE80 /* Pods_whack_a_jelly.framework */ = {isa = PBXFileReference; explicitFileType = wrapper.framework; includeInIndex = 0; path = Pods_whack_a_jelly.framework; sourceTree = BUILT_PRODUCTS_DIR; };
		C0543A3323E3CD3900F339D9 /* art.scnassets */ = {isa = PBXFileReference; lastKnownFileType = wrapper.scnassets; path = art.scnassets; sourceTree = "<group>"; };
		C088269023E2A4360064EB67 /* whack_a_jelly.app */ = {isa = PBXFileReference; explicitFileType = wrapper.application; includeInIndex = 0; path = whack_a_jelly.app; sourceTree = BUILT_PRODUCTS_DIR; };
		C088269323E2A4360064EB67 /* AppDelegate.swift */ = {isa = PBXFileReference; lastKnownFileType = sourcecode.swift; path = AppDelegate.swift; sourceTree = "<group>"; };
		C088269523E2A4360064EB67 /* ViewController.swift */ = {isa = PBXFileReference; lastKnownFileType = sourcecode.swift; path = ViewController.swift; sourceTree = "<group>"; };
		C088269823E2A4360064EB67 /* Base */ = {isa = PBXFileReference; lastKnownFileType = file.storyboard; name = Base; path = Base.lproj/Main.storyboard; sourceTree = "<group>"; };
		C088269A23E2A4390064EB67 /* Assets.xcassets */ = {isa = PBXFileReference; lastKnownFileType = folder.assetcatalog; path = Assets.xcassets; sourceTree = "<group>"; };
		C088269D23E2A4390064EB67 /* Base */ = {isa = PBXFileReference; lastKnownFileType = file.storyboard; name = Base; path = Base.lproj/LaunchScreen.storyboard; sourceTree = "<group>"; };
		C088269F23E2A4390064EB67 /* Info.plist */ = {isa = PBXFileReference; lastKnownFileType = text.plist.xml; path = Info.plist; sourceTree = "<group>"; };
		C08826A423E2A43A0064EB67 /* whack_a_jellyTests.xctest */ = {isa = PBXFileReference; explicitFileType = wrapper.cfbundle; includeInIndex = 0; path = whack_a_jellyTests.xctest; sourceTree = BUILT_PRODUCTS_DIR; };
		C08826A823E2A43A0064EB67 /* whack_a_jellyTests.swift */ = {isa = PBXFileReference; lastKnownFileType = sourcecode.swift; path = whack_a_jellyTests.swift; sourceTree = "<group>"; };
		C08826AA23E2A43A0064EB67 /* Info.plist */ = {isa = PBXFileReference; lastKnownFileType = text.plist.xml; path = Info.plist; sourceTree = "<group>"; };
		C08826AF23E2A43A0064EB67 /* whack_a_jellyUITests.xctest */ = {isa = PBXFileReference; explicitFileType = wrapper.cfbundle; includeInIndex = 0; path = whack_a_jellyUITests.xctest; sourceTree = BUILT_PRODUCTS_DIR; };
		C08826B323E2A43A0064EB67 /* whack_a_jellyUITests.swift */ = {isa = PBXFileReference; lastKnownFileType = sourcecode.swift; path = whack_a_jellyUITests.swift; sourceTree = "<group>"; };
		C08826B523E2A43A0064EB67 /* Info.plist */ = {isa = PBXFileReference; lastKnownFileType = text.plist.xml; path = Info.plist; sourceTree = "<group>"; };
		C08826C323E3CACB0064EB67 /* Jellyfish.png */ = {isa = PBXFileReference; lastKnownFileType = image.png; name = Jellyfish.png; path = ../../../../Downloads/Jellyfish.png; sourceTree = "<group>"; };
		D3B1D6F71EBBAC1466082E11 /* Pods-whack_a_jellyTests.debug.xcconfig */ = {isa = PBXFileReference; includeInIndex = 1; lastKnownFileType = text.xcconfig; name = "Pods-whack_a_jellyTests.debug.xcconfig"; path = "Target Support Files/Pods-whack_a_jellyTests/Pods-whack_a_jellyTests.debug.xcconfig"; sourceTree = "<group>"; };
		E7BA41331C49670A14376D17 /* Pods-whack_a_jelly.release.xcconfig */ = {isa = PBXFileReference; includeInIndex = 1; lastKnownFileType = text.xcconfig; name = "Pods-whack_a_jelly.release.xcconfig"; path = "Target Support Files/Pods-whack_a_jelly/Pods-whack_a_jelly.release.xcconfig"; sourceTree = "<group>"; };
		ECA856F6620E76B57355C6A7 /* Pods-whack_a_jelly-whack_a_jellyUITests.debug.xcconfig */ = {isa = PBXFileReference; includeInIndex = 1; lastKnownFileType = text.xcconfig; name = "Pods-whack_a_jelly-whack_a_jellyUITests.debug.xcconfig"; path = "Target Support Files/Pods-whack_a_jelly-whack_a_jellyUITests/Pods-whack_a_jelly-whack_a_jellyUITests.debug.xcconfig"; sourceTree = "<group>"; };
/* End PBXFileReference section */

/* Begin PBXFrameworksBuildPhase section */
		C088268D23E2A4360064EB67 /* Frameworks */ = {
			isa = PBXFrameworksBuildPhase;
			buildActionMask = 2147483647;
			files = (
				7F50B5A60ED1617D16BE5245 /* Pods_whack_a_jelly.framework in Frameworks */,
			);
			runOnlyForDeploymentPostprocessing = 0;
		};
		C08826A123E2A43A0064EB67 /* Frameworks */ = {
			isa = PBXFrameworksBuildPhase;
			buildActionMask = 2147483647;
			files = (
				516B53885EA6BD26EAE2D402 /* Pods_whack_a_jellyTests.framework in Frameworks */,
			);
			runOnlyForDeploymentPostprocessing = 0;
		};
		C08826AC23E2A43A0064EB67 /* Frameworks */ = {
			isa = PBXFrameworksBuildPhase;
			buildActionMask = 2147483647;
			files = (
				0AD18729E39AB01CA0532333 /* Pods_whack_a_jelly_whack_a_jellyUITests.framework in Frameworks */,
			);
			runOnlyForDeploymentPostprocessing = 0;
		};
/* End PBXFrameworksBuildPhase section */

/* Begin PBXGroup section */
		29D10876349FD0CF848779F0 /* Frameworks */ = {
			isa = PBXGroup;
			children = (
				B2A74DDE5CF3B63181DDFE80 /* Pods_whack_a_jelly.framework */,
				877A6B58A8084633F9990DB0 /* Pods_whack_a_jelly_whack_a_jellyUITests.framework */,
				8311D316C3761C7B4C4A4600 /* Pods_whack_a_jellyTests.framework */,
			);
			name = Frameworks;
			sourceTree = "<group>";
		};
		6399156463772C3C5579B982 /* Pods */ = {
			isa = PBXGroup;
			children = (
				5A6CFB8A005B881FD8E8387D /* Pods-whack_a_jelly.debug.xcconfig */,
				E7BA41331C49670A14376D17 /* Pods-whack_a_jelly.release.xcconfig */,
				ECA856F6620E76B57355C6A7 /* Pods-whack_a_jelly-whack_a_jellyUITests.debug.xcconfig */,
				80396E543AAA04884B8E2A26 /* Pods-whack_a_jelly-whack_a_jellyUITests.release.xcconfig */,
				D3B1D6F71EBBAC1466082E11 /* Pods-whack_a_jellyTests.debug.xcconfig */,
				AB55E7F478B3D5D991F98A84 /* Pods-whack_a_jellyTests.release.xcconfig */,
			);
			name = Pods;
			path = Pods;
			sourceTree = "<group>";
		};
		C088268723E2A4360064EB67 = {
			isa = PBXGroup;
			children = (
				C088269223E2A4360064EB67 /* whack_a_jelly */,
				C08826A723E2A43A0064EB67 /* whack_a_jellyTests */,
				C08826B223E2A43A0064EB67 /* whack_a_jellyUITests */,
				C088269123E2A4360064EB67 /* Products */,
				6399156463772C3C5579B982 /* Pods */,
				29D10876349FD0CF848779F0 /* Frameworks */,
			);
			sourceTree = "<group>";
		};
		C088269123E2A4360064EB67 /* Products */ = {
			isa = PBXGroup;
			children = (
				C088269023E2A4360064EB67 /* whack_a_jelly.app */,
				C08826A423E2A43A0064EB67 /* whack_a_jellyTests.xctest */,
				C08826AF23E2A43A0064EB67 /* whack_a_jellyUITests.xctest */,
			);
			name = Products;
			sourceTree = "<group>";
		};
		C088269223E2A4360064EB67 /* whack_a_jelly */ = {
			isa = PBXGroup;
			children = (
				C088269323E2A4360064EB67 /* AppDelegate.swift */,
				C088269523E2A4360064EB67 /* ViewController.swift */,
				C088269723E2A4360064EB67 /* Main.storyboard */,
				C088269A23E2A4390064EB67 /* Assets.xcassets */,
				C08826C323E3CACB0064EB67 /* Jellyfish.png */,
				C088269C23E2A4390064EB67 /* LaunchScreen.storyboard */,
				C088269F23E2A4390064EB67 /* Info.plist */,
				C0543A3323E3CD3900F339D9 /* art.scnassets */,
			);
			path = whack_a_jelly;
			sourceTree = "<group>";
		};
		C08826A723E2A43A0064EB67 /* whack_a_jellyTests */ = {
			isa = PBXGroup;
			children = (
				C08826A823E2A43A0064EB67 /* whack_a_jellyTests.swift */,
				C08826AA23E2A43A0064EB67 /* Info.plist */,
			);
			path = whack_a_jellyTests;
			sourceTree = "<group>";
		};
		C08826B223E2A43A0064EB67 /* whack_a_jellyUITests */ = {
			isa = PBXGroup;
			children = (
				C08826B323E2A43A0064EB67 /* whack_a_jellyUITests.swift */,
				C08826B523E2A43A0064EB67 /* Info.plist */,
			);
			path = whack_a_jellyUITests;
			sourceTree = "<group>";
		};
/* End PBXGroup section */

/* Begin PBXNativeTarget section */
		C088268F23E2A4360064EB67 /* whack_a_jelly */ = {
			isa = PBXNativeTarget;
			buildConfigurationList = C08826B823E2A43A0064EB67 /* Build configuration list for PBXNativeTarget "whack_a_jelly" */;
			buildPhases = (
				50058DD2B2F1EDEEDA1D2BB5 /* [CP] Check Pods Manifest.lock */,
				C088268C23E2A4360064EB67 /* Sources */,
				C088268D23E2A4360064EB67 /* Frameworks */,
				C088268E23E2A4360064EB67 /* Resources */,
				E8DCE578ECAFD17E8FD14FF1 /* [CP] Embed Pods Frameworks */,
			);
			buildRules = (
			);
			dependencies = (
			);
			name = whack_a_jelly;
			productName = whack_a_jelly;
			productReference = C088269023E2A4360064EB67 /* whack_a_jelly.app */;
			productType = "com.apple.product-type.application";
		};
		C08826A323E2A43A0064EB67 /* whack_a_jellyTests */ = {
			isa = PBXNativeTarget;
			buildConfigurationList = C08826BB23E2A43A0064EB67 /* Build configuration list for PBXNativeTarget "whack_a_jellyTests" */;
			buildPhases = (
				D31D3131B861EE731D6496F4 /* [CP] Check Pods Manifest.lock */,
				C08826A023E2A43A0064EB67 /* Sources */,
				C08826A123E2A43A0064EB67 /* Frameworks */,
				C08826A223E2A43A0064EB67 /* Resources */,
			);
			buildRules = (
			);
			dependencies = (
				C08826A623E2A43A0064EB67 /* PBXTargetDependency */,
			);
			name = whack_a_jellyTests;
			productName = whack_a_jellyTests;
			productReference = C08826A423E2A43A0064EB67 /* whack_a_jellyTests.xctest */;
			productType = "com.apple.product-type.bundle.unit-test";
		};
		C08826AE23E2A43A0064EB67 /* whack_a_jellyUITests */ = {
			isa = PBXNativeTarget;
			buildConfigurationList = C08826BE23E2A43A0064EB67 /* Build configuration list for PBXNativeTarget "whack_a_jellyUITests" */;
			buildPhases = (
				EA924AFA4F32185CE9DC9B44 /* [CP] Check Pods Manifest.lock */,
				C08826AB23E2A43A0064EB67 /* Sources */,
				C08826AC23E2A43A0064EB67 /* Frameworks */,
				C08826AD23E2A43A0064EB67 /* Resources */,
				B0323CB6A6D7C3A1DB999EBF /* [CP] Embed Pods Frameworks */,
			);
			buildRules = (
			);
			dependencies = (
				C08826B123E2A43A0064EB67 /* PBXTargetDependency */,
			);
			name = whack_a_jellyUITests;
			productName = whack_a_jellyUITests;
			productReference = C08826AF23E2A43A0064EB67 /* whack_a_jellyUITests.xctest */;
			productType = "com.apple.product-type.bundle.ui-testing";
		};
/* End PBXNativeTarget section */

/* Begin PBXProject section */
		C088268823E2A4360064EB67 /* Project object */ = {
			isa = PBXProject;
			attributes = {
				LastSwiftUpdateCheck = 1030;
				LastUpgradeCheck = 1030;
				ORGANIZATIONNAME = "Sani Djaya";
				TargetAttributes = {
					C088268F23E2A4360064EB67 = {
						CreatedOnToolsVersion = 10.3;
					};
					C08826A323E2A43A0064EB67 = {
						CreatedOnToolsVersion = 10.3;
						TestTargetID = C088268F23E2A4360064EB67;
					};
					C08826AE23E2A43A0064EB67 = {
						CreatedOnToolsVersion = 10.3;
						TestTargetID = C088268F23E2A4360064EB67;
					};
				};
			};
			buildConfigurationList = C088268B23E2A4360064EB67 /* Build configuration list for PBXProject "whack_a_jelly" */;
			compatibilityVersion = "Xcode 9.3";
			developmentRegion = en;
			hasScannedForEncodings = 0;
			knownRegions = (
				en,
				Base,
			);
			mainGroup = C088268723E2A4360064EB67;
			productRefGroup = C088269123E2A4360064EB67 /* Products */;
			projectDirPath = "";
			projectRoot = "";
			targets = (
				C088268F23E2A4360064EB67 /* whack_a_jelly */,
				C08826A323E2A43A0064EB67 /* whack_a_jellyTests */,
				C08826AE23E2A43A0064EB67 /* whack_a_jellyUITests */,
			);
		};
/* End PBXProject section */

/* Begin PBXResourcesBuildPhase section */
		C088268E23E2A4360064EB67 /* Resources */ = {
			isa = PBXResourcesBuildPhase;
			buildActionMask = 2147483647;
			files = (
				C08826C423E3CACB0064EB67 /* Jellyfish.png in Resources */,
				C088269E23E2A4390064EB67 /* LaunchScreen.storyboard in Resources */,
				C088269B23E2A4390064EB67 /* Assets.xcassets in Resources */,
				C0543A3423E3CD3900F339D9 /* art.scnassets in Resources */,
				C088269923E2A4360064EB67 /* Main.storyboard in Resources */,
			);
			runOnlyForDeploymentPostprocessing = 0;
		};
		C08826A223E2A43A0064EB67 /* Resources */ = {
			isa = PBXResourcesBuildPhase;
			buildActionMask = 2147483647;
			files = (
			);
			runOnlyForDeploymentPostprocessing = 0;
		};
		C08826AD23E2A43A0064EB67 /* Resources */ = {
			isa = PBXResourcesBuildPhase;
			buildActionMask = 2147483647;
			files = (
			);
			runOnlyForDeploymentPostprocessing = 0;
		};
/* End PBXResourcesBuildPhase section */

/* Begin PBXShellScriptBuildPhase section */
		50058DD2B2F1EDEEDA1D2BB5 /* [CP] Check Pods Manifest.lock */ = {
			isa = PBXShellScriptBuildPhase;
			buildActionMask = 2147483647;
			files = (
			);
			inputFileListPaths = (
			);
			inputPaths = (
				"${PODS_PODFILE_DIR_PATH}/Podfile.lock",
				"${PODS_ROOT}/Manifest.lock",
			);
			name = "[CP] Check Pods Manifest.lock";
			outputFileListPaths = (
			);
			outputPaths = (
				"$(DERIVED_FILE_DIR)/Pods-whack_a_jelly-checkManifestLockResult.txt",
			);
			runOnlyForDeploymentPostprocessing = 0;
			shellPath = /bin/sh;
			shellScript = "diff \"${PODS_PODFILE_DIR_PATH}/Podfile.lock\" \"${PODS_ROOT}/Manifest.lock\" > /dev/null\nif [ $? != 0 ] ; then\n    # print error to STDERR\n    echo \"error: The sandbox is not in sync with the Podfile.lock. Run 'pod install' or update your CocoaPods installation.\" >&2\n    exit 1\nfi\n# This output is used by Xcode 'outputs' to avoid re-running this script phase.\necho \"SUCCESS\" > \"${SCRIPT_OUTPUT_FILE_0}\"\n";
			showEnvVarsInLog = 0;
		};
		B0323CB6A6D7C3A1DB999EBF /* [CP] Embed Pods Frameworks */ = {
			isa = PBXShellScriptBuildPhase;
			buildActionMask = 2147483647;
			files = (
			);
			inputFileListPaths = (
				"${PODS_ROOT}/Target Support Files/Pods-whack_a_jelly-whack_a_jellyUITests/Pods-whack_a_jelly-whack_a_jellyUITests-frameworks-${CONFIGURATION}-input-files.xcfilelist",
			);
			name = "[CP] Embed Pods Frameworks";
			outputFileListPaths = (
				"${PODS_ROOT}/Target Support Files/Pods-whack_a_jelly-whack_a_jellyUITests/Pods-whack_a_jelly-whack_a_jellyUITests-frameworks-${CONFIGURATION}-output-files.xcfilelist",
			);
			runOnlyForDeploymentPostprocessing = 0;
			shellPath = /bin/sh;
			shellScript = "\"${PODS_ROOT}/Target Support Files/Pods-whack_a_jelly-whack_a_jellyUITests/Pods-whack_a_jelly-whack_a_jellyUITests-frameworks.sh\"\n";
			showEnvVarsInLog = 0;
		};
		D31D3131B861EE731D6496F4 /* [CP] Check Pods Manifest.lock */ = {
			isa = PBXShellScriptBuildPhase;
			buildActionMask = 2147483647;
			files = (
			);
			inputFileListPaths = (
			);
			inputPaths = (
				"${PODS_PODFILE_DIR_PATH}/Podfile.lock",
				"${PODS_ROOT}/Manifest.lock",
			);
			name = "[CP] Check Pods Manifest.lock";
			outputFileListPaths = (
			);
			outputPaths = (
				"$(DERIVED_FILE_DIR)/Pods-whack_a_jellyTests-checkManifestLockResult.txt",
			);
			runOnlyForDeploymentPostprocessing = 0;
			shellPath = /bin/sh;
			shellScript = "diff \"${PODS_PODFILE_DIR_PATH}/Podfile.lock\" \"${PODS_ROOT}/Manifest.lock\" > /dev/null\nif [ $? != 0 ] ; then\n    # print error to STDERR\n    echo \"error: The sandbox is not in sync with the Podfile.lock. Run 'pod install' or update your CocoaPods installation.\" >&2\n    exit 1\nfi\n# This output is used by Xcode 'outputs' to avoid re-running this script phase.\necho \"SUCCESS\" > \"${SCRIPT_OUTPUT_FILE_0}\"\n";
			showEnvVarsInLog = 0;
		};
		E8DCE578ECAFD17E8FD14FF1 /* [CP] Embed Pods Frameworks */ = {
			isa = PBXShellScriptBuildPhase;
			buildActionMask = 2147483647;
			files = (
			);
			inputFileListPaths = (
				"${PODS_ROOT}/Target Support Files/Pods-whack_a_jelly/Pods-whack_a_jelly-frameworks-${CONFIGURATION}-input-files.xcfilelist",
			);
			name = "[CP] Embed Pods Frameworks";
			outputFileListPaths = (
				"${PODS_ROOT}/Target Support Files/Pods-whack_a_jelly/Pods-whack_a_jelly-frameworks-${CONFIGURATION}-output-files.xcfilelist",
			);
			runOnlyForDeploymentPostprocessing = 0;
			shellPath = /bin/sh;
			shellScript = "\"${PODS_ROOT}/Target Support Files/Pods-whack_a_jelly/Pods-whack_a_jelly-frameworks.sh\"\n";
			showEnvVarsInLog = 0;
		};
		EA924AFA4F32185CE9DC9B44 /* [CP] Check Pods Manifest.lock */ = {
			isa = PBXShellScriptBuildPhase;
			buildActionMask = 2147483647;
			files = (
			);
			inputFileListPaths = (
			);
			inputPaths = (
				"${PODS_PODFILE_DIR_PATH}/Podfile.lock",
				"${PODS_ROOT}/Manifest.lock",
			);
			name = "[CP] Check Pods Manifest.lock";
			outputFileListPaths = (
			);
			outputPaths = (
				"$(DERIVED_FILE_DIR)/Pods-whack_a_jelly-whack_a_jellyUITests-checkManifestLockResult.txt",
			);
			runOnlyForDeploymentPostprocessing = 0;
			shellPath = /bin/sh;
			shellScript = "diff \"${PODS_PODFILE_DIR_PATH}/Podfile.lock\" \"${PODS_ROOT}/Manifest.lock\" > /dev/null\nif [ $? != 0 ] ; then\n    # print error to STDERR\n    echo \"error: The sandbox is not in sync with the Podfile.lock. Run 'pod install' or update your CocoaPods installation.\" >&2\n    exit 1\nfi\n# This output is used by Xcode 'outputs' to avoid re-running this script phase.\necho \"SUCCESS\" > \"${SCRIPT_OUTPUT_FILE_0}\"\n";
			showEnvVarsInLog = 0;
		};
/* End PBXShellScriptBuildPhase section */

/* Begin PBXSourcesBuildPhase section */
		C088268C23E2A4360064EB67 /* Sources */ = {
			isa = PBXSourcesBuildPhase;
			buildActionMask = 2147483647;
			files = (
				C088269623E2A4360064EB67 /* ViewController.swift in Sources */,
				C088269423E2A4360064EB67 /* AppDelegate.swift in Sources */,
			);
			runOnlyForDeploymentPostprocessing = 0;
		};
		C08826A023E2A43A0064EB67 /* Sources */ = {
			isa = PBXSourcesBuildPhase;
			buildActionMask = 2147483647;
			files = (
				C08826A923E2A43A0064EB67 /* whack_a_jellyTests.swift in Sources */,
			);
			runOnlyForDeploymentPostprocessing = 0;
		};
		C08826AB23E2A43A0064EB67 /* Sources */ = {
			isa = PBXSourcesBuildPhase;
			buildActionMask = 2147483647;
			files = (
				C08826B423E2A43A0064EB67 /* whack_a_jellyUITests.swift in Sources */,
			);
			runOnlyForDeploymentPostprocessing = 0;
		};
/* End PBXSourcesBuildPhase section */

/* Begin PBXTargetDependency section */
		C08826A623E2A43A0064EB67 /* PBXTargetDependency */ = {
			isa = PBXTargetDependency;
			target = C088268F23E2A4360064EB67 /* whack_a_jelly */;
			targetProxy = C08826A523E2A43A0064EB67 /* PBXContainerItemProxy */;
		};
		C08826B123E2A43A0064EB67 /* PBXTargetDependency */ = {
			isa = PBXTargetDependency;
			target = C088268F23E2A4360064EB67 /* whack_a_jelly */;
			targetProxy = C08826B023E2A43A0064EB67 /* PBXContainerItemProxy */;
		};
/* End PBXTargetDependency section */

/* Begin PBXVariantGroup section */
		C088269723E2A4360064EB67 /* Main.storyboard */ = {
			isa = PBXVariantGroup;
			children = (
				C088269823E2A4360064EB67 /* Base */,
			);
			name = Main.storyboard;
			sourceTree = "<group>";
		};
		C088269C23E2A4390064EB67 /* LaunchScreen.storyboard */ = {
			isa = PBXVariantGroup;
			children = (
				C088269D23E2A4390064EB67 /* Base */,
			);
			name = LaunchScreen.storyboard;
			sourceTree = "<group>";
		};
/* End PBXVariantGroup section */

/* Begin XCBuildConfiguration section */
		C08826B623E2A43A0064EB67 /* Debug */ = {
			isa = XCBuildConfiguration;
			buildSettings = {
				ALWAYS_SEARCH_USER_PATHS = NO;
				CLANG_ANALYZER_NONNULL = YES;
				CLANG_ANALYZER_NUMBER_OBJECT_CONVERSION = YES_AGGRESSIVE;
				CLANG_CXX_LANGUAGE_STANDARD = "gnu++14";
				CLANG_CXX_LIBRARY = "libc++";
				CLANG_ENABLE_MODULES = YES;
				CLANG_ENABLE_OBJC_ARC = YES;
				CLANG_ENABLE_OBJC_WEAK = YES;
				CLANG_WARN_BLOCK_CAPTURE_AUTORELEASING = YES;
				CLANG_WARN_BOOL_CONVERSION = YES;
				CLANG_WARN_COMMA = YES;
				CLANG_WARN_CONSTANT_CONVERSION = YES;
				CLANG_WARN_DEPRECATED_OBJC_IMPLEMENTATIONS = YES;
				CLANG_WARN_DIRECT_OBJC_ISA_USAGE = YES_ERROR;
				CLANG_WARN_DOCUMENTATION_COMMENTS = YES;
				CLANG_WARN_EMPTY_BODY = YES;
				CLANG_WARN_ENUM_CONVERSION = YES;
				CLANG_WARN_INFINITE_RECURSION = YES;
				CLANG_WARN_INT_CONVERSION = YES;
				CLANG_WARN_NON_LITERAL_NULL_CONVERSION = YES;
				CLANG_WARN_OBJC_IMPLICIT_RETAIN_SELF = YES;
				CLANG_WARN_OBJC_LITERAL_CONVERSION = YES;
				CLANG_WARN_OBJC_ROOT_CLASS = YES_ERROR;
				CLANG_WARN_RANGE_LOOP_ANALYSIS = YES;
				CLANG_WARN_STRICT_PROTOTYPES = YES;
				CLANG_WARN_SUSPICIOUS_MOVE = YES;
				CLANG_WARN_UNGUARDED_AVAILABILITY = YES_AGGRESSIVE;
				CLANG_WARN_UNREACHABLE_CODE = YES;
				CLANG_WARN__DUPLICATE_METHOD_MATCH = YES;
				CODE_SIGN_IDENTITY = "iPhone Developer";
				COPY_PHASE_STRIP = NO;
				DEBUG_INFORMATION_FORMAT = dwarf;
				ENABLE_STRICT_OBJC_MSGSEND = YES;
				ENABLE_TESTABILITY = YES;
				GCC_C_LANGUAGE_STANDARD = gnu11;
				GCC_DYNAMIC_NO_PIC = NO;
				GCC_NO_COMMON_BLOCKS = YES;
				GCC_OPTIMIZATION_LEVEL = 0;
				GCC_PREPROCESSOR_DEFINITIONS = (
					"DEBUG=1",
					"$(inherited)",
				);
				GCC_WARN_64_TO_32_BIT_CONVERSION = YES;
				GCC_WARN_ABOUT_RETURN_TYPE = YES_ERROR;
				GCC_WARN_UNDECLARED_SELECTOR = YES;
				GCC_WARN_UNINITIALIZED_AUTOS = YES_AGGRESSIVE;
				GCC_WARN_UNUSED_FUNCTION = YES;
				GCC_WARN_UNUSED_VARIABLE = YES;
				IPHONEOS_DEPLOYMENT_TARGET = 12.4;
				MTL_ENABLE_DEBUG_INFO = INCLUDE_SOURCE;
				MTL_FAST_MATH = YES;
				ONLY_ACTIVE_ARCH = YES;
				SDKROOT = iphoneos;
				SWIFT_ACTIVE_COMPILATION_CONDITIONS = DEBUG;
				SWIFT_OPTIMIZATION_LEVEL = "-Onone";
			};
			name = Debug;
		};
		C08826B723E2A43A0064EB67 /* Release */ = {
			isa = XCBuildConfiguration;
			buildSettings = {
				ALWAYS_SEARCH_USER_PATHS = NO;
				CLANG_ANALYZER_NONNULL = YES;
				CLANG_ANALYZER_NUMBER_OBJECT_CONVERSION = YES_AGGRESSIVE;
				CLANG_CXX_LANGUAGE_STANDARD = "gnu++14";
				CLANG_CXX_LIBRARY = "libc++";
				CLANG_ENABLE_MODULES = YES;
				CLANG_ENABLE_OBJC_ARC = YES;
				CLANG_ENABLE_OBJC_WEAK = YES;
				CLANG_WARN_BLOCK_CAPTURE_AUTORELEASING = YES;
				CLANG_WARN_BOOL_CONVERSION = YES;
				CLANG_WARN_COMMA = YES;
				CLANG_WARN_CONSTANT_CONVERSION = YES;
				CLANG_WARN_DEPRECATED_OBJC_IMPLEMENTATIONS = YES;
				CLANG_WARN_DIRECT_OBJC_ISA_USAGE = YES_ERROR;
				CLANG_WARN_DOCUMENTATION_COMMENTS = YES;
				CLANG_WARN_EMPTY_BODY = YES;
				CLANG_WARN_ENUM_CONVERSION = YES;
				CLANG_WARN_INFINITE_RECURSION = YES;
				CLANG_WARN_INT_CONVERSION = YES;
				CLANG_WARN_NON_LITERAL_NULL_CONVERSION = YES;
				CLANG_WARN_OBJC_IMPLICIT_RETAIN_SELF = YES;
				CLANG_WARN_OBJC_LITERAL_CONVERSION = YES;
				CLANG_WARN_OBJC_ROOT_CLASS = YES_ERROR;
				CLANG_WARN_RANGE_LOOP_ANALYSIS = YES;
				CLANG_WARN_STRICT_PROTOTYPES = YES;
				CLANG_WARN_SUSPICIOUS_MOVE = YES;
				CLANG_WARN_UNGUARDED_AVAILABILITY = YES_AGGRESSIVE;
				CLANG_WARN_UNREACHABLE_CODE = YES;
				CLANG_WARN__DUPLICATE_METHOD_MATCH = YES;
				CODE_SIGN_IDENTITY = "iPhone Developer";
				COPY_PHASE_STRIP = NO;
				DEBUG_INFORMATION_FORMAT = "dwarf-with-dsym";
				ENABLE_NS_ASSERTIONS = NO;
				ENABLE_STRICT_OBJC_MSGSEND = YES;
				GCC_C_LANGUAGE_STANDARD = gnu11;
				GCC_NO_COMMON_BLOCKS = YES;
				GCC_WARN_64_TO_32_BIT_CONVERSION = YES;
				GCC_WARN_ABOUT_RETURN_TYPE = YES_ERROR;
				GCC_WARN_UNDECLARED_SELECTOR = YES;
				GCC_WARN_UNINITIALIZED_AUTOS = YES_AGGRESSIVE;
				GCC_WARN_UNUSED_FUNCTION = YES;
				GCC_WARN_UNUSED_VARIABLE = YES;
				IPHONEOS_DEPLOYMENT_TARGET = 12.4;
				MTL_ENABLE_DEBUG_INFO = NO;
				MTL_FAST_MATH = YES;
				SDKROOT = iphoneos;
				SWIFT_COMPILATION_MODE = wholemodule;
				SWIFT_OPTIMIZATION_LEVEL = "-O";
				VALIDATE_PRODUCT = YES;
			};
			name = Release;
		};
		C08826B923E2A43A0064EB67 /* Debug */ = {
			isa = XCBuildConfiguration;
			baseConfigurationReference = 5A6CFB8A005B881FD8E8387D /* Pods-whack_a_jelly.debug.xcconfig */;
			buildSettings = {
				ASSETCATALOG_COMPILER_APPICON_NAME = AppIcon;
				CODE_SIGN_STYLE = Automatic;
				DEVELOPMENT_TEAM = H5536WL3D7;
				INFOPLIST_FILE = whack_a_jelly/Info.plist;
				LD_RUNPATH_SEARCH_PATHS = (
					"$(inherited)",
					"@executable_path/Frameworks",
				);
				PRODUCT_BUNDLE_IDENTIFIER = "r.whack-a-jelly";
				PRODUCT_NAME = "$(TARGET_NAME)";
				SWIFT_VERSION = 5.0;
				TARGETED_DEVICE_FAMILY = "1,2";
			};
			name = Debug;
		};
		C08826BA23E2A43A0064EB67 /* Release */ = {
			isa = XCBuildConfiguration;
			baseConfigurationReference = E7BA41331C49670A14376D17 /* Pods-whack_a_jelly.release.xcconfig */;
			buildSettings = {
				ASSETCATALOG_COMPILER_APPICON_NAME = AppIcon;
				CODE_SIGN_STYLE = Automatic;
				DEVELOPMENT_TEAM = H5536WL3D7;
				INFOPLIST_FILE = whack_a_jelly/Info.plist;
				LD_RUNPATH_SEARCH_PATHS = (
					"$(inherited)",
					"@executable_path/Frameworks",
				);
				PRODUCT_BUNDLE_IDENTIFIER = "r.whack-a-jelly";
				PRODUCT_NAME = "$(TARGET_NAME)";
				SWIFT_VERSION = 5.0;
				TARGETED_DEVICE_FAMILY = "1,2";
			};
			name = Release;
		};
		C08826BC23E2A43A0064EB67 /* Debug */ = {
			isa = XCBuildConfiguration;
			baseConfigurationReference = D3B1D6F71EBBAC1466082E11 /* Pods-whack_a_jellyTests.debug.xcconfig */;
			buildSettings = {
				ALWAYS_EMBED_SWIFT_STANDARD_LIBRARIES = YES;
				BUNDLE_LOADER = "$(TEST_HOST)";
				CODE_SIGN_STYLE = Automatic;
				INFOPLIST_FILE = whack_a_jellyTests/Info.plist;
				LD_RUNPATH_SEARCH_PATHS = (
					"$(inherited)",
					"@executable_path/Frameworks",
					"@loader_path/Frameworks",
				);
				PRODUCT_BUNDLE_IDENTIFIER = "r.whack-a-jellyTests";
				PRODUCT_NAME = "$(TARGET_NAME)";
				SWIFT_VERSION = 5.0;
				TARGETED_DEVICE_FAMILY = "1,2";
				TEST_HOST = "$(BUILT_PRODUCTS_DIR)/whack_a_jelly.app/whack_a_jelly";
			};
			name = Debug;
		};
		C08826BD23E2A43A0064EB67 /* Release */ = {
			isa = XCBuildConfiguration;
			baseConfigurationReference = AB55E7F478B3D5D991F98A84 /* Pods-whack_a_jellyTests.release.xcconfig */;
			buildSettings = {
				ALWAYS_EMBED_SWIFT_STANDARD_LIBRARIES = YES;
				BUNDLE_LOADER = "$(TEST_HOST)";
				CODE_SIGN_STYLE = Automatic;
				INFOPLIST_FILE = whack_a_jellyTests/Info.plist;
				LD_RUNPATH_SEARCH_PATHS = (
					"$(inherited)",
					"@executable_path/Frameworks",
					"@loader_path/Frameworks",
				);
				PRODUCT_BUNDLE_IDENTIFIER = "r.whack-a-jellyTests";
				PRODUCT_NAME = "$(TARGET_NAME)";
				SWIFT_VERSION = 5.0;
				TARGETED_DEVICE_FAMILY = "1,2";
				TEST_HOST = "$(BUILT_PRODUCTS_DIR)/whack_a_jelly.app/whack_a_jelly";
			};
			name = Release;
		};
		C08826BF23E2A43A0064EB67 /* Debug */ = {
			isa = XCBuildConfiguration;
			baseConfigurationReference = ECA856F6620E76B57355C6A7 /* Pods-whack_a_jelly-whack_a_jellyUITests.debug.xcconfig */;
			buildSettings = {
				ALWAYS_EMBED_SWIFT_STANDARD_LIBRARIES = YES;
				CODE_SIGN_STYLE = Automatic;
				INFOPLIST_FILE = whack_a_jellyUITests/Info.plist;
				LD_RUNPATH_SEARCH_PATHS = (
					"$(inherited)",
					"@executable_path/Frameworks",
					"@loader_path/Frameworks",
				);
				PRODUCT_BUNDLE_IDENTIFIER = "r.whack-a-jellyUITests";
				PRODUCT_NAME = "$(TARGET_NAME)";
				SWIFT_VERSION = 5.0;
				TARGETED_DEVICE_FAMILY = "1,2";
				TEST_TARGET_NAME = whack_a_jelly;
			};
			name = Debug;
		};
		C08826C023E2A43A0064EB67 /* Release */ = {
			isa = XCBuildConfiguration;
			baseConfigurationReference = 80396E543AAA04884B8E2A26 /* Pods-whack_a_jelly-whack_a_jellyUITests.release.xcconfig */;
			buildSettings = {
				ALWAYS_EMBED_SWIFT_STANDARD_LIBRARIES = YES;
				CODE_SIGN_STYLE = Automatic;
				INFOPLIST_FILE = whack_a_jellyUITests/Info.plist;
				LD_RUNPATH_SEARCH_PATHS = (
					"$(inherited)",
					"@executable_path/Frameworks",
					"@loader_path/Frameworks",
				);
				PRODUCT_BUNDLE_IDENTIFIER = "r.whack-a-jellyUITests";
				PRODUCT_NAME = "$(TARGET_NAME)";
				SWIFT_VERSION = 5.0;
				TARGETED_DEVICE_FAMILY = "1,2";
				TEST_TARGET_NAME = whack_a_jelly;
			};
			name = Release;
		};
/* End XCBuildConfiguration section */

/* Begin XCConfigurationList section */
		C088268B23E2A4360064EB67 /* Build configuration list for PBXProject "whack_a_jelly" */ = {
			isa = XCConfigurationList;
			buildConfigurations = (
				C08826B623E2A43A0064EB67 /* Debug */,
				C08826B723E2A43A0064EB67 /* Release */,
			);
			defaultConfigurationIsVisible = 0;
			defaultConfigurationName = Release;
		};
		C08826B823E2A43A0064EB67 /* Build configuration list for PBXNativeTarget "whack_a_jelly" */ = {
			isa = XCConfigurationList;
			buildConfigurations = (
				C08826B923E2A43A0064EB67 /* Debug */,
				C08826BA23E2A43A0064EB67 /* Release */,
			);
			defaultConfigurationIsVisible = 0;
			defaultConfigurationName = Release;
		};
		C08826BB23E2A43A0064EB67 /* Build configuration list for PBXNativeTarget "whack_a_jellyTests" */ = {
			isa = XCConfigurationList;
			buildConfigurations = (
				C08826BC23E2A43A0064EB67 /* Debug */,
				C08826BD23E2A43A0064EB67 /* Release */,
			);
			defaultConfigurationIsVisible = 0;
			defaultConfigurationName = Release;
		};
		C08826BE23E2A43A0064EB67 /* Build configuration list for PBXNativeTarget "whack_a_jellyUITests" */ = {
			isa = XCConfigurationList;
			buildConfigurations = (
				C08826BF23E2A43A0064EB67 /* Debug */,
				C08826C023E2A43A0064EB67 /* Release */,
			);
			defaultConfigurationIsVisible = 0;
			defaultConfigurationName = Release;
		};
/* End XCConfigurationList section */
	};
	rootObject = C088268823E2A4360064EB67 /* Project object */;
}
