// !$*UTF8*$!
{
	archiveVersion = 1;
	classes = {
	};
	objectVersion = 50;
	objects = {

/* Begin PBXBuildFile section */
		C0543A4223E5138400F339D9 /* AppDelegate.swift in Sources */ = {isa = PBXBuildFile; fileRef = C0543A4123E5138400F339D9 /* AppDelegate.swift */; };
		C0543A4423E5138400F339D9 /* ViewController.swift in Sources */ = {isa = PBXBuildFile; fileRef = C0543A4323E5138400F339D9 /* ViewController.swift */; };
		C0543A4723E5138400F339D9 /* Main.storyboard in Resources */ = {isa = PBXBuildFile; fileRef = C0543A4523E5138400F339D9 /* Main.storyboard */; };
		C0543A4923E5138700F339D9 /* Assets.xcassets in Resources */ = {isa = PBXBuildFile; fileRef = C0543A4823E5138700F339D9 /* Assets.xcassets */; };
		C0543A4C23E5138700F339D9 /* LaunchScreen.storyboard in Resources */ = {isa = PBXBuildFile; fileRef = C0543A4A23E5138700F339D9 /* LaunchScreen.storyboard */; };
		C0543A5723E5138700F339D9 /* floor_is_lavaTests.swift in Sources */ = {isa = PBXBuildFile; fileRef = C0543A5623E5138700F339D9 /* floor_is_lavaTests.swift */; };
		C0543A6223E5138700F339D9 /* floor_is_lavaUITests.swift in Sources */ = {isa = PBXBuildFile; fileRef = C0543A6123E5138700F339D9 /* floor_is_lavaUITests.swift */; };
/* End PBXBuildFile section */

/* Begin PBXContainerItemProxy section */
		C0543A5323E5138700F339D9 /* PBXContainerItemProxy */ = {
			isa = PBXContainerItemProxy;
			containerPortal = C0543A3623E5138400F339D9 /* Project object */;
			proxyType = 1;
			remoteGlobalIDString = C0543A3D23E5138400F339D9;
			remoteInfo = floor_is_lava;
		};
		C0543A5E23E5138700F339D9 /* PBXContainerItemProxy */ = {
			isa = PBXContainerItemProxy;
			containerPortal = C0543A3623E5138400F339D9 /* Project object */;
			proxyType = 1;
			remoteGlobalIDString = C0543A3D23E5138400F339D9;
			remoteInfo = floor_is_lava;
		};
/* End PBXContainerItemProxy section */

/* Begin PBXFileReference section */
		C0543A3E23E5138400F339D9 /* floor_is_lava.app */ = {isa = PBXFileReference; explicitFileType = wrapper.application; includeInIndex = 0; path = floor_is_lava.app; sourceTree = BUILT_PRODUCTS_DIR; };
		C0543A4123E5138400F339D9 /* AppDelegate.swift */ = {isa = PBXFileReference; lastKnownFileType = sourcecode.swift; path = AppDelegate.swift; sourceTree = "<group>"; };
		C0543A4323E5138400F339D9 /* ViewController.swift */ = {isa = PBXFileReference; lastKnownFileType = sourcecode.swift; path = ViewController.swift; sourceTree = "<group>"; };
		C0543A4623E5138400F339D9 /* Base */ = {isa = PBXFileReference; lastKnownFileType = file.storyboard; name = Base; path = Base.lproj/Main.storyboard; sourceTree = "<group>"; };
		C0543A4823E5138700F339D9 /* Assets.xcassets */ = {isa = PBXFileReference; lastKnownFileType = folder.assetcatalog; path = Assets.xcassets; sourceTree = "<group>"; };
		C0543A4B23E5138700F339D9 /* Base */ = {isa = PBXFileReference; lastKnownFileType = file.storyboard; name = Base; path = Base.lproj/LaunchScreen.storyboard; sourceTree = "<group>"; };
		C0543A4D23E5138700F339D9 /* Info.plist */ = {isa = PBXFileReference; lastKnownFileType = text.plist.xml; path = Info.plist; sourceTree = "<group>"; };
		C0543A5223E5138700F339D9 /* floor_is_lavaTests.xctest */ = {isa = PBXFileReference; explicitFileType = wrapper.cfbundle; includeInIndex = 0; path = floor_is_lavaTests.xctest; sourceTree = BUILT_PRODUCTS_DIR; };
		C0543A5623E5138700F339D9 /* floor_is_lavaTests.swift */ = {isa = PBXFileReference; lastKnownFileType = sourcecode.swift; path = floor_is_lavaTests.swift; sourceTree = "<group>"; };
		C0543A5823E5138700F339D9 /* Info.plist */ = {isa = PBXFileReference; lastKnownFileType = text.plist.xml; path = Info.plist; sourceTree = "<group>"; };
		C0543A5D23E5138700F339D9 /* floor_is_lavaUITests.xctest */ = {isa = PBXFileReference; explicitFileType = wrapper.cfbundle; includeInIndex = 0; path = floor_is_lavaUITests.xctest; sourceTree = BUILT_PRODUCTS_DIR; };
		C0543A6123E5138700F339D9 /* floor_is_lavaUITests.swift */ = {isa = PBXFileReference; lastKnownFileType = sourcecode.swift; path = floor_is_lavaUITests.swift; sourceTree = "<group>"; };
		C0543A6323E5138700F339D9 /* Info.plist */ = {isa = PBXFileReference; lastKnownFileType = text.plist.xml; path = Info.plist; sourceTree = "<group>"; };
/* End PBXFileReference section */

/* Begin PBXFrameworksBuildPhase section */
		C0543A3B23E5138400F339D9 /* Frameworks */ = {
			isa = PBXFrameworksBuildPhase;
			buildActionMask = 2147483647;
			files = (
			);
			runOnlyForDeploymentPostprocessing = 0;
		};
		C0543A4F23E5138700F339D9 /* Frameworks */ = {
			isa = PBXFrameworksBuildPhase;
			buildActionMask = 2147483647;
			files = (
			);
			runOnlyForDeploymentPostprocessing = 0;
		};
		C0543A5A23E5138700F339D9 /* Frameworks */ = {
			isa = PBXFrameworksBuildPhase;
			buildActionMask = 2147483647;
			files = (
			);
			runOnlyForDeploymentPostprocessing = 0;
		};
/* End PBXFrameworksBuildPhase section */

/* Begin PBXGroup section */
		C0543A3523E5138400F339D9 = {
			isa = PBXGroup;
			children = (
				C0543A4023E5138400F339D9 /* floor_is_lava */,
				C0543A5523E5138700F339D9 /* floor_is_lavaTests */,
				C0543A6023E5138700F339D9 /* floor_is_lavaUITests */,
				C0543A3F23E5138400F339D9 /* Products */,
			);
			sourceTree = "<group>";
		};
		C0543A3F23E5138400F339D9 /* Products */ = {
			isa = PBXGroup;
			children = (
				C0543A3E23E5138400F339D9 /* floor_is_lava.app */,
				C0543A5223E5138700F339D9 /* floor_is_lavaTests.xctest */,
				C0543A5D23E5138700F339D9 /* floor_is_lavaUITests.xctest */,
			);
			name = Products;
			sourceTree = "<group>";
		};
		C0543A4023E5138400F339D9 /* floor_is_lava */ = {
			isa = PBXGroup;
			children = (
				C0543A4123E5138400F339D9 /* AppDelegate.swift */,
				C0543A4323E5138400F339D9 /* ViewController.swift */,
				C0543A4523E5138400F339D9 /* Main.storyboard */,
				C0543A4823E5138700F339D9 /* Assets.xcassets */,
				C0543A4A23E5138700F339D9 /* LaunchScreen.storyboard */,
				C0543A4D23E5138700F339D9 /* Info.plist */,
			);
			path = floor_is_lava;
			sourceTree = "<group>";
		};
		C0543A5523E5138700F339D9 /* floor_is_lavaTests */ = {
			isa = PBXGroup;
			children = (
				C0543A5623E5138700F339D9 /* floor_is_lavaTests.swift */,
				C0543A5823E5138700F339D9 /* Info.plist */,
			);
			path = floor_is_lavaTests;
			sourceTree = "<group>";
		};
		C0543A6023E5138700F339D9 /* floor_is_lavaUITests */ = {
			isa = PBXGroup;
			children = (
				C0543A6123E5138700F339D9 /* floor_is_lavaUITests.swift */,
				C0543A6323E5138700F339D9 /* Info.plist */,
			);
			path = floor_is_lavaUITests;
			sourceTree = "<group>";
		};
/* End PBXGroup section */

/* Begin PBXNativeTarget section */
		C0543A3D23E5138400F339D9 /* floor_is_lava */ = {
			isa = PBXNativeTarget;
			buildConfigurationList = C0543A6623E5138700F339D9 /* Build configuration list for PBXNativeTarget "floor_is_lava" */;
			buildPhases = (
				C0543A3A23E5138400F339D9 /* Sources */,
				C0543A3B23E5138400F339D9 /* Frameworks */,
				C0543A3C23E5138400F339D9 /* Resources */,
			);
			buildRules = (
			);
			dependencies = (
			);
			name = floor_is_lava;
			productName = floor_is_lava;
			productReference = C0543A3E23E5138400F339D9 /* floor_is_lava.app */;
			productType = "com.apple.product-type.application";
		};
		C0543A5123E5138700F339D9 /* floor_is_lavaTests */ = {
			isa = PBXNativeTarget;
			buildConfigurationList = C0543A6923E5138700F339D9 /* Build configuration list for PBXNativeTarget "floor_is_lavaTests" */;
			buildPhases = (
				C0543A4E23E5138700F339D9 /* Sources */,
				C0543A4F23E5138700F339D9 /* Frameworks */,
				C0543A5023E5138700F339D9 /* Resources */,
			);
			buildRules = (
			);
			dependencies = (
				C0543A5423E5138700F339D9 /* PBXTargetDependency */,
			);
			name = floor_is_lavaTests;
			productName = floor_is_lavaTests;
			productReference = C0543A5223E5138700F339D9 /* floor_is_lavaTests.xctest */;
			productType = "com.apple.product-type.bundle.unit-test";
		};
		C0543A5C23E5138700F339D9 /* floor_is_lavaUITests */ = {
			isa = PBXNativeTarget;
			buildConfigurationList = C0543A6C23E5138700F339D9 /* Build configuration list for PBXNativeTarget "floor_is_lavaUITests" */;
			buildPhases = (
				C0543A5923E5138700F339D9 /* Sources */,
				C0543A5A23E5138700F339D9 /* Frameworks */,
				C0543A5B23E5138700F339D9 /* Resources */,
			);
			buildRules = (
			);
			dependencies = (
				C0543A5F23E5138700F339D9 /* PBXTargetDependency */,
			);
			name = floor_is_lavaUITests;
			productName = floor_is_lavaUITests;
			productReference = C0543A5D23E5138700F339D9 /* floor_is_lavaUITests.xctest */;
			productType = "com.apple.product-type.bundle.ui-testing";
		};
/* End PBXNativeTarget section */

/* Begin PBXProject section */
		C0543A3623E5138400F339D9 /* Project object */ = {
			isa = PBXProject;
			attributes = {
				LastSwiftUpdateCheck = 1030;
				LastUpgradeCheck = 1030;
				ORGANIZATIONNAME = "Sani Djaya";
				TargetAttributes = {
					C0543A3D23E5138400F339D9 = {
						CreatedOnToolsVersion = 10.3;
					};
					C0543A5123E5138700F339D9 = {
						CreatedOnToolsVersion = 10.3;
						TestTargetID = C0543A3D23E5138400F339D9;
					};
					C0543A5C23E5138700F339D9 = {
						CreatedOnToolsVersion = 10.3;
						TestTargetID = C0543A3D23E5138400F339D9;
					};
				};
			};
			buildConfigurationList = C0543A3923E5138400F339D9 /* Build configuration list for PBXProject "floor_is_lava" */;
			compatibilityVersion = "Xcode 9.3";
			developmentRegion = en;
			hasScannedForEncodings = 0;
			knownRegions = (
				en,
				Base,
			);
			mainGroup = C0543A3523E5138400F339D9;
			productRefGroup = C0543A3F23E5138400F339D9 /* Products */;
			projectDirPath = "";
			projectRoot = "";
			targets = (
				C0543A3D23E5138400F339D9 /* floor_is_lava */,
				C0543A5123E5138700F339D9 /* floor_is_lavaTests */,
				C0543A5C23E5138700F339D9 /* floor_is_lavaUITests */,
			);
		};
/* End PBXProject section */

/* Begin PBXResourcesBuildPhase section */
		C0543A3C23E5138400F339D9 /* Resources */ = {
			isa = PBXResourcesBuildPhase;
			buildActionMask = 2147483647;
			files = (
				C0543A4C23E5138700F339D9 /* LaunchScreen.storyboard in Resources */,
				C0543A4923E5138700F339D9 /* Assets.xcassets in Resources */,
				C0543A4723E5138400F339D9 /* Main.storyboard in Resources */,
			);
			runOnlyForDeploymentPostprocessing = 0;
		};
		C0543A5023E5138700F339D9 /* Resources */ = {
			isa = PBXResourcesBuildPhase;
			buildActionMask = 2147483647;
			files = (
			);
			runOnlyForDeploymentPostprocessing = 0;
		};
		C0543A5B23E5138700F339D9 /* Resources */ = {
			isa = PBXResourcesBuildPhase;
			buildActionMask = 2147483647;
			files = (
			);
			runOnlyForDeploymentPostprocessing = 0;
		};
/* End PBXResourcesBuildPhase section */

/* Begin PBXSourcesBuildPhase section */
		C0543A3A23E5138400F339D9 /* Sources */ = {
			isa = PBXSourcesBuildPhase;
			buildActionMask = 2147483647;
			files = (
				C0543A4423E5138400F339D9 /* ViewController.swift in Sources */,
				C0543A4223E5138400F339D9 /* AppDelegate.swift in Sources */,
			);
			runOnlyForDeploymentPostprocessing = 0;
		};
		C0543A4E23E5138700F339D9 /* Sources */ = {
			isa = PBXSourcesBuildPhase;
			buildActionMask = 2147483647;
			files = (
				C0543A5723E5138700F339D9 /* floor_is_lavaTests.swift in Sources */,
			);
			runOnlyForDeploymentPostprocessing = 0;
		};
		C0543A5923E5138700F339D9 /* Sources */ = {
			isa = PBXSourcesBuildPhase;
			buildActionMask = 2147483647;
			files = (
				C0543A6223E5138700F339D9 /* floor_is_lavaUITests.swift in Sources */,
			);
			runOnlyForDeploymentPostprocessing = 0;
		};
/* End PBXSourcesBuildPhase section */

/* Begin PBXTargetDependency section */
		C0543A5423E5138700F339D9 /* PBXTargetDependency */ = {
			isa = PBXTargetDependency;
			target = C0543A3D23E5138400F339D9 /* floor_is_lava */;
			targetProxy = C0543A5323E5138700F339D9 /* PBXContainerItemProxy */;
		};
		C0543A5F23E5138700F339D9 /* PBXTargetDependency */ = {
			isa = PBXTargetDependency;
			target = C0543A3D23E5138400F339D9 /* floor_is_lava */;
			targetProxy = C0543A5E23E5138700F339D9 /* PBXContainerItemProxy */;
		};
/* End PBXTargetDependency section */

/* Begin PBXVariantGroup section */
		C0543A4523E5138400F339D9 /* Main.storyboard */ = {
			isa = PBXVariantGroup;
			children = (
				C0543A4623E5138400F339D9 /* Base */,
			);
			name = Main.storyboard;
			sourceTree = "<group>";
		};
		C0543A4A23E5138700F339D9 /* LaunchScreen.storyboard */ = {
			isa = PBXVariantGroup;
			children = (
				C0543A4B23E5138700F339D9 /* Base */,
			);
			name = LaunchScreen.storyboard;
			sourceTree = "<group>";
		};
/* End PBXVariantGroup section */

/* Begin XCBuildConfiguration section */
		C0543A6423E5138700F339D9 /* Debug */ = {
			isa = XCBuildConfiguration;
			buildSettings = {
				ALWAYS_SEARCH_USER_PATHS = NO;
				CLANG_ANALYZER_NONNULL = YES;
				CLANG_ANALYZER_NUMBER_OBJECT_CONVERSION = YES_AGGRESSIVE;
				CLANG_CXX_LANGUAGE_STANDARD = "gnu++14";
				CLANG_CXX_LIBRARY = "libc++";
				CLANG_ENABLE_MODULES = YES;
				CLANG_ENABLE_OBJC_ARC = YES;
				CLANG_ENABLE_OBJC_WEAK = YES;
				CLANG_WARN_BLOCK_CAPTURE_AUTORELEASING = YES;
				CLANG_WARN_BOOL_CONVERSION = YES;
				CLANG_WARN_COMMA = YES;
				CLANG_WARN_CONSTANT_CONVERSION = YES;
				CLANG_WARN_DEPRECATED_OBJC_IMPLEMENTATIONS = YES;
				CLANG_WARN_DIRECT_OBJC_ISA_USAGE = YES_ERROR;
				CLANG_WARN_DOCUMENTATION_COMMENTS = YES;
				CLANG_WARN_EMPTY_BODY = YES;
				CLANG_WARN_ENUM_CONVERSION = YES;
				CLANG_WARN_INFINITE_RECURSION = YES;
				CLANG_WARN_INT_CONVERSION = YES;
				CLANG_WARN_NON_LITERAL_NULL_CONVERSION = YES;
				CLANG_WARN_OBJC_IMPLICIT_RETAIN_SELF = YES;
				CLANG_WARN_OBJC_LITERAL_CONVERSION = YES;
				CLANG_WARN_OBJC_ROOT_CLASS = YES_ERROR;
				CLANG_WARN_RANGE_LOOP_ANALYSIS = YES;
				CLANG_WARN_STRICT_PROTOTYPES = YES;
				CLANG_WARN_SUSPICIOUS_MOVE = YES;
				CLANG_WARN_UNGUARDED_AVAILABILITY = YES_AGGRESSIVE;
				CLANG_WARN_UNREACHABLE_CODE = YES;
				CLANG_WARN__DUPLICATE_METHOD_MATCH = YES;
				CODE_SIGN_IDENTITY = "iPhone Developer";
				COPY_PHASE_STRIP = NO;
				DEBUG_INFORMATION_FORMAT = dwarf;
				ENABLE_STRICT_OBJC_MSGSEND = YES;
				ENABLE_TESTABILITY = YES;
				GCC_C_LANGUAGE_STANDARD = gnu11;
				GCC_DYNAMIC_NO_PIC = NO;
				GCC_NO_COMMON_BLOCKS = YES;
				GCC_OPTIMIZATION_LEVEL = 0;
				GCC_PREPROCESSOR_DEFINITIONS = (
					"DEBUG=1",
					"$(inherited)",
				);
				GCC_WARN_64_TO_32_BIT_CONVERSION = YES;
				GCC_WARN_ABOUT_RETURN_TYPE = YES_ERROR;
				GCC_WARN_UNDECLARED_SELECTOR = YES;
				GCC_WARN_UNINITIALIZED_AUTOS = YES_AGGRESSIVE;
				GCC_WARN_UNUSED_FUNCTION = YES;
				GCC_WARN_UNUSED_VARIABLE = YES;
				IPHONEOS_DEPLOYMENT_TARGET = 12.4;
				MTL_ENABLE_DEBUG_INFO = INCLUDE_SOURCE;
				MTL_FAST_MATH = YES;
				ONLY_ACTIVE_ARCH = YES;
				SDKROOT = iphoneos;
				SWIFT_ACTIVE_COMPILATION_CONDITIONS = DEBUG;
				SWIFT_OPTIMIZATION_LEVEL = "-Onone";
			};
			name = Debug;
		};
		C0543A6523E5138700F339D9 /* Release */ = {
			isa = XCBuildConfiguration;
			buildSettings = {
				ALWAYS_SEARCH_USER_PATHS = NO;
				CLANG_ANALYZER_NONNULL = YES;
				CLANG_ANALYZER_NUMBER_OBJECT_CONVERSION = YES_AGGRESSIVE;
				CLANG_CXX_LANGUAGE_STANDARD = "gnu++14";
				CLANG_CXX_LIBRARY = "libc++";
				CLANG_ENABLE_MODULES = YES;
				CLANG_ENABLE_OBJC_ARC = YES;
				CLANG_ENABLE_OBJC_WEAK = YES;
				CLANG_WARN_BLOCK_CAPTURE_AUTORELEASING = YES;
				CLANG_WARN_BOOL_CONVERSION = YES;
				CLANG_WARN_COMMA = YES;
				CLANG_WARN_CONSTANT_CONVERSION = YES;
				CLANG_WARN_DEPRECATED_OBJC_IMPLEMENTATIONS = YES;
				CLANG_WARN_DIRECT_OBJC_ISA_USAGE = YES_ERROR;
				CLANG_WARN_DOCUMENTATION_COMMENTS = YES;
				CLANG_WARN_EMPTY_BODY = YES;
				CLANG_WARN_ENUM_CONVERSION = YES;
				CLANG_WARN_INFINITE_RECURSION = YES;
				CLANG_WARN_INT_CONVERSION = YES;
				CLANG_WARN_NON_LITERAL_NULL_CONVERSION = YES;
				CLANG_WARN_OBJC_IMPLICIT_RETAIN_SELF = YES;
				CLANG_WARN_OBJC_LITERAL_CONVERSION = YES;
				CLANG_WARN_OBJC_ROOT_CLASS = YES_ERROR;
				CLANG_WARN_RANGE_LOOP_ANALYSIS = YES;
				CLANG_WARN_STRICT_PROTOTYPES = YES;
				CLANG_WARN_SUSPICIOUS_MOVE = YES;
				CLANG_WARN_UNGUARDED_AVAILABILITY = YES_AGGRESSIVE;
				CLANG_WARN_UNREACHABLE_CODE = YES;
				CLANG_WARN__DUPLICATE_METHOD_MATCH = YES;
				CODE_SIGN_IDENTITY = "iPhone Developer";
				COPY_PHASE_STRIP = NO;
				DEBUG_INFORMATION_FORMAT = "dwarf-with-dsym";
				ENABLE_NS_ASSERTIONS = NO;
				ENABLE_STRICT_OBJC_MSGSEND = YES;
				GCC_C_LANGUAGE_STANDARD = gnu11;
				GCC_NO_COMMON_BLOCKS = YES;
				GCC_WARN_64_TO_32_BIT_CONVERSION = YES;
				GCC_WARN_ABOUT_RETURN_TYPE = YES_ERROR;
				GCC_WARN_UNDECLARED_SELECTOR = YES;
				GCC_WARN_UNINITIALIZED_AUTOS = YES_AGGRESSIVE;
				GCC_WARN_UNUSED_FUNCTION = YES;
				GCC_WARN_UNUSED_VARIABLE = YES;
				IPHONEOS_DEPLOYMENT_TARGET = 12.4;
				MTL_ENABLE_DEBUG_INFO = NO;
				MTL_FAST_MATH = YES;
				SDKROOT = iphoneos;
				SWIFT_COMPILATION_MODE = wholemodule;
				SWIFT_OPTIMIZATION_LEVEL = "-O";
				VALIDATE_PRODUCT = YES;
			};
			name = Release;
		};
		C0543A6723E5138700F339D9 /* Debug */ = {
			isa = XCBuildConfiguration;
			buildSettings = {
				ASSETCATALOG_COMPILER_APPICON_NAME = AppIcon;
				CODE_SIGN_STYLE = Automatic;
				DEVELOPMENT_TEAM = H5536WL3D7;
				INFOPLIST_FILE = floor_is_lava/Info.plist;
				LD_RUNPATH_SEARCH_PATHS = (
					"$(inherited)",
					"@executable_path/Frameworks",
				);
				PRODUCT_BUNDLE_IDENTIFIER = "r.floor-is-lava";
				PRODUCT_NAME = "$(TARGET_NAME)";
				SWIFT_VERSION = 5.0;
				TARGETED_DEVICE_FAMILY = "1,2";
			};
			name = Debug;
		};
		C0543A6823E5138700F339D9 /* Release */ = {
			isa = XCBuildConfiguration;
			buildSettings = {
				ASSETCATALOG_COMPILER_APPICON_NAME = AppIcon;
				CODE_SIGN_STYLE = Automatic;
				DEVELOPMENT_TEAM = H5536WL3D7;
				INFOPLIST_FILE = floor_is_lava/Info.plist;
				LD_RUNPATH_SEARCH_PATHS = (
					"$(inherited)",
					"@executable_path/Frameworks",
				);
				PRODUCT_BUNDLE_IDENTIFIER = "r.floor-is-lava";
				PRODUCT_NAME = "$(TARGET_NAME)";
				SWIFT_VERSION = 5.0;
				TARGETED_DEVICE_FAMILY = "1,2";
			};
			name = Release;
		};
		C0543A6A23E5138700F339D9 /* Debug */ = {
			isa = XCBuildConfiguration;
			buildSettings = {
				ALWAYS_EMBED_SWIFT_STANDARD_LIBRARIES = YES;
				BUNDLE_LOADER = "$(TEST_HOST)";
				CODE_SIGN_STYLE = Automatic;
				INFOPLIST_FILE = floor_is_lavaTests/Info.plist;
				LD_RUNPATH_SEARCH_PATHS = (
					"$(inherited)",
					"@executable_path/Frameworks",
					"@loader_path/Frameworks",
				);
				PRODUCT_BUNDLE_IDENTIFIER = "r.floor-is-lavaTests";
				PRODUCT_NAME = "$(TARGET_NAME)";
				SWIFT_VERSION = 5.0;
				TARGETED_DEVICE_FAMILY = "1,2";
				TEST_HOST = "$(BUILT_PRODUCTS_DIR)/floor_is_lava.app/floor_is_lava";
			};
			name = Debug;
		};
		C0543A6B23E5138700F339D9 /* Release */ = {
			isa = XCBuildConfiguration;
			buildSettings = {
				ALWAYS_EMBED_SWIFT_STANDARD_LIBRARIES = YES;
				BUNDLE_LOADER = "$(TEST_HOST)";
				CODE_SIGN_STYLE = Automatic;
				INFOPLIST_FILE = floor_is_lavaTests/Info.plist;
				LD_RUNPATH_SEARCH_PATHS = (
					"$(inherited)",
					"@executable_path/Frameworks",
					"@loader_path/Frameworks",
				);
				PRODUCT_BUNDLE_IDENTIFIER = "r.floor-is-lavaTests";
				PRODUCT_NAME = "$(TARGET_NAME)";
				SWIFT_VERSION = 5.0;
				TARGETED_DEVICE_FAMILY = "1,2";
				TEST_HOST = "$(BUILT_PRODUCTS_DIR)/floor_is_lava.app/floor_is_lava";
			};
			name = Release;
		};
		C0543A6D23E5138700F339D9 /* Debug */ = {
			isa = XCBuildConfiguration;
			buildSettings = {
				ALWAYS_EMBED_SWIFT_STANDARD_LIBRARIES = YES;
				CODE_SIGN_STYLE = Automatic;
				INFOPLIST_FILE = floor_is_lavaUITests/Info.plist;
				LD_RUNPATH_SEARCH_PATHS = (
					"$(inherited)",
					"@executable_path/Frameworks",
					"@loader_path/Frameworks",
				);
				PRODUCT_BUNDLE_IDENTIFIER = "r.floor-is-lavaUITests";
				PRODUCT_NAME = "$(TARGET_NAME)";
				SWIFT_VERSION = 5.0;
				TARGETED_DEVICE_FAMILY = "1,2";
				TEST_TARGET_NAME = floor_is_lava;
			};
			name = Debug;
		};
		C0543A6E23E5138700F339D9 /* Release */ = {
			isa = XCBuildConfiguration;
			buildSettings = {
				ALWAYS_EMBED_SWIFT_STANDARD_LIBRARIES = YES;
				CODE_SIGN_STYLE = Automatic;
				INFOPLIST_FILE = floor_is_lavaUITests/Info.plist;
				LD_RUNPATH_SEARCH_PATHS = (
					"$(inherited)",
					"@executable_path/Frameworks",
					"@loader_path/Frameworks",
				);
				PRODUCT_BUNDLE_IDENTIFIER = "r.floor-is-lavaUITests";
				PRODUCT_NAME = "$(TARGET_NAME)";
				SWIFT_VERSION = 5.0;
				TARGETED_DEVICE_FAMILY = "1,2";
				TEST_TARGET_NAME = floor_is_lava;
			};
			name = Release;
		};
/* End XCBuildConfiguration section */

/* Begin XCConfigurationList section */
		C0543A3923E5138400F339D9 /* Build configuration list for PBXProject "floor_is_lava" */ = {
			isa = XCConfigurationList;
			buildConfigurations = (
				C0543A6423E5138700F339D9 /* Debug */,
				C0543A6523E5138700F339D9 /* Release */,
			);
			defaultConfigurationIsVisible = 0;
			defaultConfigurationName = Release;
		};
		C0543A6623E5138700F339D9 /* Build configuration list for PBXNativeTarget "floor_is_lava" */ = {
			isa = XCConfigurationList;
			buildConfigurations = (
				C0543A6723E5138700F339D9 /* Debug */,
				C0543A6823E5138700F339D9 /* Release */,
			);
			defaultConfigurationIsVisible = 0;
			defaultConfigurationName = Release;
		};
		C0543A6923E5138700F339D9 /* Build configuration list for PBXNativeTarget "floor_is_lavaTests" */ = {
			isa = XCConfigurationList;
			buildConfigurations = (
				C0543A6A23E5138700F339D9 /* Debug */,
				C0543A6B23E5138700F339D9 /* Release */,
			);
			defaultConfigurationIsVisible = 0;
			defaultConfigurationName = Release;
		};
		C0543A6C23E5138700F339D9 /* Build configuration list for PBXNativeTarget "floor_is_lavaUITests" */ = {
			isa = XCConfigurationList;
			buildConfigurations = (
				C0543A6D23E5138700F339D9 /* Debug */,
				C0543A6E23E5138700F339D9 /* Release */,
			);
			defaultConfigurationIsVisible = 0;
			defaultConfigurationName = Release;
		};
/* End XCConfigurationList section */
	};
	rootObject = C0543A3623E5138400F339D9 /* Project object */;
}
