// !$*UTF8*$!
{
	archiveVersion = 1;
	classes = {
	};
	objectVersion = 50;
	objects = {

/* Begin PBXBuildFile section */
		C06F481923DAA04400BC6937 /* AppDelegate.swift in Sources */ = {isa = PBXBuildFile; fileRef = C06F481823DAA04400BC6937 /* AppDelegate.swift */; };
		C06F481B23DAA04400BC6937 /* ViewController.swift in Sources */ = {isa = PBXBuildFile; fileRef = C06F481A23DAA04400BC6937 /* ViewController.swift */; };
		C06F481E23DAA04400BC6937 /* Main.storyboard in Resources */ = {isa = PBXBuildFile; fileRef = C06F481C23DAA04400BC6937 /* Main.storyboard */; };
		C06F482023DAA04500BC6937 /* Assets.xcassets in Resources */ = {isa = PBXBuildFile; fileRef = C06F481F23DAA04500BC6937 /* Assets.xcassets */; };
		C06F482323DAA04500BC6937 /* LaunchScreen.storyboard in Resources */ = {isa = PBXBuildFile; fileRef = C06F482123DAA04500BC6937 /* LaunchScreen.storyboard */; };
		C06F482E23DAA04500BC6937 /* AR_DrawingTests.swift in Sources */ = {isa = PBXBuildFile; fileRef = C06F482D23DAA04500BC6937 /* AR_DrawingTests.swift */; };
		C06F483923DAA04500BC6937 /* AR_DrawingUITests.swift in Sources */ = {isa = PBXBuildFile; fileRef = C06F483823DAA04500BC6937 /* AR_DrawingUITests.swift */; };
		C0B06AAB23DAB9EF00368A4B /* ColorSequence.swift in Sources */ = {isa = PBXBuildFile; fileRef = C0B06AA923DAB9EF00368A4B /* ColorSequence.swift */; };
		C0B06AAE23DABBD500368A4B /* ColorIterator.swift in Sources */ = {isa = PBXBuildFile; fileRef = C0B06AAD23DABBD500368A4B /* ColorIterator.swift */; };
/* End PBXBuildFile section */

/* Begin PBXContainerItemProxy section */
		C06F482A23DAA04500BC6937 /* PBXContainerItemProxy */ = {
			isa = PBXContainerItemProxy;
			containerPortal = C06F480D23DAA04400BC6937 /* Project object */;
			proxyType = 1;
			remoteGlobalIDString = C06F481423DAA04400BC6937;
			remoteInfo = "AR Drawing";
		};
		C06F483523DAA04500BC6937 /* PBXContainerItemProxy */ = {
			isa = PBXContainerItemProxy;
			containerPortal = C06F480D23DAA04400BC6937 /* Project object */;
			proxyType = 1;
			remoteGlobalIDString = C06F481423DAA04400BC6937;
			remoteInfo = "AR Drawing";
		};
/* End PBXContainerItemProxy section */

/* Begin PBXFileReference section */
		C06F481523DAA04400BC6937 /* ARDrawing.app */ = {isa = PBXFileReference; explicitFileType = wrapper.application; includeInIndex = 0; path = ARDrawing.app; sourceTree = BUILT_PRODUCTS_DIR; };
		C06F481823DAA04400BC6937 /* AppDelegate.swift */ = {isa = PBXFileReference; lastKnownFileType = sourcecode.swift; path = AppDelegate.swift; sourceTree = "<group>"; };
		C06F481A23DAA04400BC6937 /* ViewController.swift */ = {isa = PBXFileReference; lastKnownFileType = sourcecode.swift; path = ViewController.swift; sourceTree = "<group>"; };
		C06F481D23DAA04400BC6937 /* Base */ = {isa = PBXFileReference; lastKnownFileType = file.storyboard; name = Base; path = Base.lproj/Main.storyboard; sourceTree = "<group>"; };
		C06F481F23DAA04500BC6937 /* Assets.xcassets */ = {isa = PBXFileReference; lastKnownFileType = folder.assetcatalog; path = Assets.xcassets; sourceTree = "<group>"; };
		C06F482223DAA04500BC6937 /* Base */ = {isa = PBXFileReference; lastKnownFileType = file.storyboard; name = Base; path = Base.lproj/LaunchScreen.storyboard; sourceTree = "<group>"; };
		C06F482423DAA04500BC6937 /* Info.plist */ = {isa = PBXFileReference; lastKnownFileType = text.plist.xml; path = Info.plist; sourceTree = "<group>"; };
		C06F482923DAA04500BC6937 /* ARDrawingTests.xctest */ = {isa = PBXFileReference; explicitFileType = wrapper.cfbundle; includeInIndex = 0; path = ARDrawingTests.xctest; sourceTree = BUILT_PRODUCTS_DIR; };
		C06F482D23DAA04500BC6937 /* AR_DrawingTests.swift */ = {isa = PBXFileReference; lastKnownFileType = sourcecode.swift; path = AR_DrawingTests.swift; sourceTree = "<group>"; };
		C06F482F23DAA04500BC6937 /* Info.plist */ = {isa = PBXFileReference; lastKnownFileType = text.plist.xml; path = Info.plist; sourceTree = "<group>"; };
		C06F483423DAA04500BC6937 /* ARDrawingUITests.xctest */ = {isa = PBXFileReference; explicitFileType = wrapper.cfbundle; includeInIndex = 0; path = ARDrawingUITests.xctest; sourceTree = BUILT_PRODUCTS_DIR; };
		C06F483823DAA04500BC6937 /* AR_DrawingUITests.swift */ = {isa = PBXFileReference; lastKnownFileType = sourcecode.swift; path = AR_DrawingUITests.swift; sourceTree = "<group>"; };
		C06F483A23DAA04500BC6937 /* Info.plist */ = {isa = PBXFileReference; lastKnownFileType = text.plist.xml; path = Info.plist; sourceTree = "<group>"; };
		C0B06AA923DAB9EF00368A4B /* ColorSequence.swift */ = {isa = PBXFileReference; fileEncoding = 4; lastKnownFileType = sourcecode.swift; name = ColorSequence.swift; path = "../../../../Downloads/Sequences-master/Source/Colors/ColorSequence.swift"; sourceTree = "<group>"; };
		C0B06AAD23DABBD500368A4B /* ColorIterator.swift */ = {isa = PBXFileReference; fileEncoding = 4; lastKnownFileType = sourcecode.swift; name = ColorIterator.swift; path = "../../../../Downloads/Sequences-master/Source/Colors/ColorIterator.swift"; sourceTree = "<group>"; };
/* End PBXFileReference section */

/* Begin PBXFrameworksBuildPhase section */
		C06F481223DAA04400BC6937 /* Frameworks */ = {
			isa = PBXFrameworksBuildPhase;
			buildActionMask = 2147483647;
			files = (
			);
			runOnlyForDeploymentPostprocessing = 0;
		};
		C06F482623DAA04500BC6937 /* Frameworks */ = {
			isa = PBXFrameworksBuildPhase;
			buildActionMask = 2147483647;
			files = (
			);
			runOnlyForDeploymentPostprocessing = 0;
		};
		C06F483123DAA04500BC6937 /* Frameworks */ = {
			isa = PBXFrameworksBuildPhase;
			buildActionMask = 2147483647;
			files = (
			);
			runOnlyForDeploymentPostprocessing = 0;
		};
/* End PBXFrameworksBuildPhase section */

/* Begin PBXGroup section */
		C06F480C23DAA04400BC6937 = {
			isa = PBXGroup;
			children = (
				C06F481723DAA04400BC6937 /* ARDrawing */,
				C06F482C23DAA04500BC6937 /* ARDrawingTests */,
				C06F483723DAA04500BC6937 /* ARDrawingUITests */,
				C06F481623DAA04400BC6937 /* Products */,
			);
			sourceTree = "<group>";
		};
		C06F481623DAA04400BC6937 /* Products */ = {
			isa = PBXGroup;
			children = (
				C06F481523DAA04400BC6937 /* ARDrawing.app */,
				C06F482923DAA04500BC6937 /* ARDrawingTests.xctest */,
				C06F483423DAA04500BC6937 /* ARDrawingUITests.xctest */,
			);
			name = Products;
			sourceTree = "<group>";
		};
		C06F481723DAA04400BC6937 /* ARDrawing */ = {
			isa = PBXGroup;
			children = (
				C0B06AAD23DABBD500368A4B /* ColorIterator.swift */,
				C0B06AA923DAB9EF00368A4B /* ColorSequence.swift */,
				C06F481823DAA04400BC6937 /* AppDelegate.swift */,
				C06F481A23DAA04400BC6937 /* ViewController.swift */,
				C06F481C23DAA04400BC6937 /* Main.storyboard */,
				C06F481F23DAA04500BC6937 /* Assets.xcassets */,
				C06F482123DAA04500BC6937 /* LaunchScreen.storyboard */,
				C06F482423DAA04500BC6937 /* Info.plist */,
			);
			path = ARDrawing;
			sourceTree = "<group>";
		};
		C06F482C23DAA04500BC6937 /* ARDrawingTests */ = {
			isa = PBXGroup;
			children = (
				C06F482D23DAA04500BC6937 /* AR_DrawingTests.swift */,
				C06F482F23DAA04500BC6937 /* Info.plist */,
			);
			path = ARDrawingTests;
			sourceTree = "<group>";
		};
		C06F483723DAA04500BC6937 /* ARDrawingUITests */ = {
			isa = PBXGroup;
			children = (
				C06F483823DAA04500BC6937 /* AR_DrawingUITests.swift */,
				C06F483A23DAA04500BC6937 /* Info.plist */,
			);
			path = ARDrawingUITests;
			sourceTree = "<group>";
		};
/* End PBXGroup section */

/* Begin PBXNativeTarget section */
		C06F481423DAA04400BC6937 /* ARDrawing */ = {
			isa = PBXNativeTarget;
			buildConfigurationList = C06F483D23DAA04500BC6937 /* Build configuration list for PBXNativeTarget "ARDrawing" */;
			buildPhases = (
				C06F481123DAA04400BC6937 /* Sources */,
				C06F481223DAA04400BC6937 /* Frameworks */,
				C06F481323DAA04400BC6937 /* Resources */,
			);
			buildRules = (
			);
			dependencies = (
			);
			name = ARDrawing;
			productName = "AR Drawing";
			productReference = C06F481523DAA04400BC6937 /* ARDrawing.app */;
			productType = "com.apple.product-type.application";
		};
		C06F482823DAA04500BC6937 /* ARDrawingTests */ = {
			isa = PBXNativeTarget;
			buildConfigurationList = C06F484023DAA04500BC6937 /* Build configuration list for PBXNativeTarget "ARDrawingTests" */;
			buildPhases = (
				C06F482523DAA04500BC6937 /* Sources */,
				C06F482623DAA04500BC6937 /* Frameworks */,
				C06F482723DAA04500BC6937 /* Resources */,
			);
			buildRules = (
			);
			dependencies = (
				C06F482B23DAA04500BC6937 /* PBXTargetDependency */,
			);
			name = ARDrawingTests;
			productName = "AR DrawingTests";
			productReference = C06F482923DAA04500BC6937 /* ARDrawingTests.xctest */;
			productType = "com.apple.product-type.bundle.unit-test";
		};
		C06F483323DAA04500BC6937 /* ARDrawingUITests */ = {
			isa = PBXNativeTarget;
			buildConfigurationList = C06F484323DAA04500BC6937 /* Build configuration list for PBXNativeTarget "ARDrawingUITests" */;
			buildPhases = (
				C06F483023DAA04500BC6937 /* Sources */,
				C06F483123DAA04500BC6937 /* Frameworks */,
				C06F483223DAA04500BC6937 /* Resources */,
			);
			buildRules = (
			);
			dependencies = (
				C06F483623DAA04500BC6937 /* PBXTargetDependency */,
			);
			name = ARDrawingUITests;
			productName = "AR DrawingUITests";
			productReference = C06F483423DAA04500BC6937 /* ARDrawingUITests.xctest */;
			productType = "com.apple.product-type.bundle.ui-testing";
		};
/* End PBXNativeTarget section */

/* Begin PBXProject section */
		C06F480D23DAA04400BC6937 /* Project object */ = {
			isa = PBXProject;
			attributes = {
				LastSwiftUpdateCheck = 1030;
				LastUpgradeCheck = 1030;
				ORGANIZATIONNAME = "Sani Djaya";
				TargetAttributes = {
					C06F481423DAA04400BC6937 = {
						CreatedOnToolsVersion = 10.3;
					};
					C06F482823DAA04500BC6937 = {
						CreatedOnToolsVersion = 10.3;
						TestTargetID = C06F481423DAA04400BC6937;
					};
					C06F483323DAA04500BC6937 = {
						CreatedOnToolsVersion = 10.3;
						TestTargetID = C06F481423DAA04400BC6937;
					};
				};
			};
			buildConfigurationList = C06F481023DAA04400BC6937 /* Build configuration list for PBXProject "ARDrawing" */;
			compatibilityVersion = "Xcode 9.3";
			developmentRegion = en;
			hasScannedForEncodings = 0;
			knownRegions = (
				en,
				Base,
			);
			mainGroup = C06F480C23DAA04400BC6937;
			productRefGroup = C06F481623DAA04400BC6937 /* Products */;
			projectDirPath = "";
			projectRoot = "";
			targets = (
				C06F481423DAA04400BC6937 /* ARDrawing */,
				C06F482823DAA04500BC6937 /* ARDrawingTests */,
				C06F483323DAA04500BC6937 /* ARDrawingUITests */,
			);
		};
/* End PBXProject section */

/* Begin PBXResourcesBuildPhase section */
		C06F481323DAA04400BC6937 /* Resources */ = {
			isa = PBXResourcesBuildPhase;
			buildActionMask = 2147483647;
			files = (
				C06F482323DAA04500BC6937 /* LaunchScreen.storyboard in Resources */,
				C06F482023DAA04500BC6937 /* Assets.xcassets in Resources */,
				C06F481E23DAA04400BC6937 /* Main.storyboard in Resources */,
			);
			runOnlyForDeploymentPostprocessing = 0;
		};
		C06F482723DAA04500BC6937 /* Resources */ = {
			isa = PBXResourcesBuildPhase;
			buildActionMask = 2147483647;
			files = (
			);
			runOnlyForDeploymentPostprocessing = 0;
		};
		C06F483223DAA04500BC6937 /* Resources */ = {
			isa = PBXResourcesBuildPhase;
			buildActionMask = 2147483647;
			files = (
			);
			runOnlyForDeploymentPostprocessing = 0;
		};
/* End PBXResourcesBuildPhase section */

/* Begin PBXSourcesBuildPhase section */
		C06F481123DAA04400BC6937 /* Sources */ = {
			isa = PBXSourcesBuildPhase;
			buildActionMask = 2147483647;
			files = (
				C0B06AAB23DAB9EF00368A4B /* ColorSequence.swift in Sources */,
				C06F481B23DAA04400BC6937 /* ViewController.swift in Sources */,
				C06F481923DAA04400BC6937 /* AppDelegate.swift in Sources */,
				C0B06AAE23DABBD500368A4B /* ColorIterator.swift in Sources */,
			);
			runOnlyForDeploymentPostprocessing = 0;
		};
		C06F482523DAA04500BC6937 /* Sources */ = {
			isa = PBXSourcesBuildPhase;
			buildActionMask = 2147483647;
			files = (
				C06F482E23DAA04500BC6937 /* AR_DrawingTests.swift in Sources */,
			);
			runOnlyForDeploymentPostprocessing = 0;
		};
		C06F483023DAA04500BC6937 /* Sources */ = {
			isa = PBXSourcesBuildPhase;
			buildActionMask = 2147483647;
			files = (
				C06F483923DAA04500BC6937 /* AR_DrawingUITests.swift in Sources */,
			);
			runOnlyForDeploymentPostprocessing = 0;
		};
/* End PBXSourcesBuildPhase section */

/* Begin PBXTargetDependency section */
		C06F482B23DAA04500BC6937 /* PBXTargetDependency */ = {
			isa = PBXTargetDependency;
			target = C06F481423DAA04400BC6937 /* ARDrawing */;
			targetProxy = C06F482A23DAA04500BC6937 /* PBXContainerItemProxy */;
		};
		C06F483623DAA04500BC6937 /* PBXTargetDependency */ = {
			isa = PBXTargetDependency;
			target = C06F481423DAA04400BC6937 /* ARDrawing */;
			targetProxy = C06F483523DAA04500BC6937 /* PBXContainerItemProxy */;
		};
/* End PBXTargetDependency section */

/* Begin PBXVariantGroup section */
		C06F481C23DAA04400BC6937 /* Main.storyboard */ = {
			isa = PBXVariantGroup;
			children = (
				C06F481D23DAA04400BC6937 /* Base */,
			);
			name = Main.storyboard;
			sourceTree = "<group>";
		};
		C06F482123DAA04500BC6937 /* LaunchScreen.storyboard */ = {
			isa = PBXVariantGroup;
			children = (
				C06F482223DAA04500BC6937 /* Base */,
			);
			name = LaunchScreen.storyboard;
			sourceTree = "<group>";
		};
/* End PBXVariantGroup section */

/* Begin XCBuildConfiguration section */
		C06F483B23DAA04500BC6937 /* Debug */ = {
			isa = XCBuildConfiguration;
			buildSettings = {
				ALWAYS_SEARCH_USER_PATHS = NO;
				CLANG_ANALYZER_NONNULL = YES;
				CLANG_ANALYZER_NUMBER_OBJECT_CONVERSION = YES_AGGRESSIVE;
				CLANG_CXX_LANGUAGE_STANDARD = "gnu++14";
				CLANG_CXX_LIBRARY = "libc++";
				CLANG_ENABLE_MODULES = YES;
				CLANG_ENABLE_OBJC_ARC = YES;
				CLANG_ENABLE_OBJC_WEAK = YES;
				CLANG_WARN_BLOCK_CAPTURE_AUTORELEASING = YES;
				CLANG_WARN_BOOL_CONVERSION = YES;
				CLANG_WARN_COMMA = YES;
				CLANG_WARN_CONSTANT_CONVERSION = YES;
				CLANG_WARN_DEPRECATED_OBJC_IMPLEMENTATIONS = YES;
				CLANG_WARN_DIRECT_OBJC_ISA_USAGE = YES_ERROR;
				CLANG_WARN_DOCUMENTATION_COMMENTS = YES;
				CLANG_WARN_EMPTY_BODY = YES;
				CLANG_WARN_ENUM_CONVERSION = YES;
				CLANG_WARN_INFINITE_RECURSION = YES;
				CLANG_WARN_INT_CONVERSION = YES;
				CLANG_WARN_NON_LITERAL_NULL_CONVERSION = YES;
				CLANG_WARN_OBJC_IMPLICIT_RETAIN_SELF = YES;
				CLANG_WARN_OBJC_LITERAL_CONVERSION = YES;
				CLANG_WARN_OBJC_ROOT_CLASS = YES_ERROR;
				CLANG_WARN_RANGE_LOOP_ANALYSIS = YES;
				CLANG_WARN_STRICT_PROTOTYPES = YES;
				CLANG_WARN_SUSPICIOUS_MOVE = YES;
				CLANG_WARN_UNGUARDED_AVAILABILITY = YES_AGGRESSIVE;
				CLANG_WARN_UNREACHABLE_CODE = YES;
				CLANG_WARN__DUPLICATE_METHOD_MATCH = YES;
				CODE_SIGN_IDENTITY = "iPhone Developer";
				COPY_PHASE_STRIP = NO;
				DEBUG_INFORMATION_FORMAT = dwarf;
				ENABLE_STRICT_OBJC_MSGSEND = YES;
				ENABLE_TESTABILITY = YES;
				GCC_C_LANGUAGE_STANDARD = gnu11;
				GCC_DYNAMIC_NO_PIC = NO;
				GCC_NO_COMMON_BLOCKS = YES;
				GCC_OPTIMIZATION_LEVEL = 0;
				GCC_PREPROCESSOR_DEFINITIONS = (
					"DEBUG=1",
					"$(inherited)",
				);
				GCC_WARN_64_TO_32_BIT_CONVERSION = YES;
				GCC_WARN_ABOUT_RETURN_TYPE = YES_ERROR;
				GCC_WARN_UNDECLARED_SELECTOR = YES;
				GCC_WARN_UNINITIALIZED_AUTOS = YES_AGGRESSIVE;
				GCC_WARN_UNUSED_FUNCTION = YES;
				GCC_WARN_UNUSED_VARIABLE = YES;
				IPHONEOS_DEPLOYMENT_TARGET = 12.4;
				MTL_ENABLE_DEBUG_INFO = INCLUDE_SOURCE;
				MTL_FAST_MATH = YES;
				ONLY_ACTIVE_ARCH = YES;
				SDKROOT = iphoneos;
				SWIFT_ACTIVE_COMPILATION_CONDITIONS = DEBUG;
				SWIFT_OPTIMIZATION_LEVEL = "-Onone";
			};
			name = Debug;
		};
		C06F483C23DAA04500BC6937 /* Release */ = {
			isa = XCBuildConfiguration;
			buildSettings = {
				ALWAYS_SEARCH_USER_PATHS = NO;
				CLANG_ANALYZER_NONNULL = YES;
				CLANG_ANALYZER_NUMBER_OBJECT_CONVERSION = YES_AGGRESSIVE;
				CLANG_CXX_LANGUAGE_STANDARD = "gnu++14";
				CLANG_CXX_LIBRARY = "libc++";
				CLANG_ENABLE_MODULES = YES;
				CLANG_ENABLE_OBJC_ARC = YES;
				CLANG_ENABLE_OBJC_WEAK = YES;
				CLANG_WARN_BLOCK_CAPTURE_AUTORELEASING = YES;
				CLANG_WARN_BOOL_CONVERSION = YES;
				CLANG_WARN_COMMA = YES;
				CLANG_WARN_CONSTANT_CONVERSION = YES;
				CLANG_WARN_DEPRECATED_OBJC_IMPLEMENTATIONS = YES;
				CLANG_WARN_DIRECT_OBJC_ISA_USAGE = YES_ERROR;
				CLANG_WARN_DOCUMENTATION_COMMENTS = YES;
				CLANG_WARN_EMPTY_BODY = YES;
				CLANG_WARN_ENUM_CONVERSION = YES;
				CLANG_WARN_INFINITE_RECURSION = YES;
				CLANG_WARN_INT_CONVERSION = YES;
				CLANG_WARN_NON_LITERAL_NULL_CONVERSION = YES;
				CLANG_WARN_OBJC_IMPLICIT_RETAIN_SELF = YES;
				CLANG_WARN_OBJC_LITERAL_CONVERSION = YES;
				CLANG_WARN_OBJC_ROOT_CLASS = YES_ERROR;
				CLANG_WARN_RANGE_LOOP_ANALYSIS = YES;
				CLANG_WARN_STRICT_PROTOTYPES = YES;
				CLANG_WARN_SUSPICIOUS_MOVE = YES;
				CLANG_WARN_UNGUARDED_AVAILABILITY = YES_AGGRESSIVE;
				CLANG_WARN_UNREACHABLE_CODE = YES;
				CLANG_WARN__DUPLICATE_METHOD_MATCH = YES;
				CODE_SIGN_IDENTITY = "iPhone Developer";
				COPY_PHASE_STRIP = NO;
				DEBUG_INFORMATION_FORMAT = "dwarf-with-dsym";
				ENABLE_NS_ASSERTIONS = NO;
				ENABLE_STRICT_OBJC_MSGSEND = YES;
				GCC_C_LANGUAGE_STANDARD = gnu11;
				GCC_NO_COMMON_BLOCKS = YES;
				GCC_WARN_64_TO_32_BIT_CONVERSION = YES;
				GCC_WARN_ABOUT_RETURN_TYPE = YES_ERROR;
				GCC_WARN_UNDECLARED_SELECTOR = YES;
				GCC_WARN_UNINITIALIZED_AUTOS = YES_AGGRESSIVE;
				GCC_WARN_UNUSED_FUNCTION = YES;
				GCC_WARN_UNUSED_VARIABLE = YES;
				IPHONEOS_DEPLOYMENT_TARGET = 12.4;
				MTL_ENABLE_DEBUG_INFO = NO;
				MTL_FAST_MATH = YES;
				SDKROOT = iphoneos;
				SWIFT_COMPILATION_MODE = wholemodule;
				SWIFT_OPTIMIZATION_LEVEL = "-O";
				VALIDATE_PRODUCT = YES;
			};
			name = Release;
		};
		C06F483E23DAA04500BC6937 /* Debug */ = {
			isa = XCBuildConfiguration;
			buildSettings = {
				ASSETCATALOG_COMPILER_APPICON_NAME = AppIcon;
				CODE_SIGN_STYLE = Automatic;
				DEVELOPMENT_TEAM = H5536WL3D7;
				INFOPLIST_FILE = "$(SRCROOT)/ARDrawing/Info.plist";
				LD_RUNPATH_SEARCH_PATHS = (
					"$(inherited)",
					"@executable_path/Frameworks",
				);
				PRODUCT_BUNDLE_IDENTIFIER = "r.AR-Drawing13254";
				PRODUCT_NAME = "$(TARGET_NAME)";
				SWIFT_VERSION = 5.0;
				TARGETED_DEVICE_FAMILY = "1,2";
			};
			name = Debug;
		};
		C06F483F23DAA04500BC6937 /* Release */ = {
			isa = XCBuildConfiguration;
			buildSettings = {
				ASSETCATALOG_COMPILER_APPICON_NAME = AppIcon;
				CODE_SIGN_STYLE = Automatic;
				DEVELOPMENT_TEAM = H5536WL3D7;
				INFOPLIST_FILE = "$(SRCROOT)/ARDrawing/Info.plist";
				LD_RUNPATH_SEARCH_PATHS = (
					"$(inherited)",
					"@executable_path/Frameworks",
				);
				PRODUCT_BUNDLE_IDENTIFIER = "r.AR-Drawing13254";
				PRODUCT_NAME = "$(TARGET_NAME)";
				SWIFT_VERSION = 5.0;
				TARGETED_DEVICE_FAMILY = "1,2";
			};
			name = Release;
		};
		C06F484123DAA04500BC6937 /* Debug */ = {
			isa = XCBuildConfiguration;
			buildSettings = {
				ALWAYS_EMBED_SWIFT_STANDARD_LIBRARIES = YES;
				BUNDLE_LOADER = "$(TEST_HOST)";
				CODE_SIGN_STYLE = Automatic;
				INFOPLIST_FILE = "AR DrawingTests/Info.plist";
				LD_RUNPATH_SEARCH_PATHS = (
					"$(inherited)",
					"@executable_path/Frameworks",
					"@loader_path/Frameworks",
				);
				PRODUCT_BUNDLE_IDENTIFIER = "r.AR-DrawingTests";
				PRODUCT_NAME = "$(TARGET_NAME)";
				SWIFT_VERSION = 5.0;
				TARGETED_DEVICE_FAMILY = "1,2";
				TEST_HOST = "$(BUILT_PRODUCTS_DIR)/ARDrawing.app/ARDrawing";
			};
			name = Debug;
		};
		C06F484223DAA04500BC6937 /* Release */ = {
			isa = XCBuildConfiguration;
			buildSettings = {
				ALWAYS_EMBED_SWIFT_STANDARD_LIBRARIES = YES;
				BUNDLE_LOADER = "$(TEST_HOST)";
				CODE_SIGN_STYLE = Automatic;
				INFOPLIST_FILE = "AR DrawingTests/Info.plist";
				LD_RUNPATH_SEARCH_PATHS = (
					"$(inherited)",
					"@executable_path/Frameworks",
					"@loader_path/Frameworks",
				);
				PRODUCT_BUNDLE_IDENTIFIER = "r.AR-DrawingTests";
				PRODUCT_NAME = "$(TARGET_NAME)";
				SWIFT_VERSION = 5.0;
				TARGETED_DEVICE_FAMILY = "1,2";
				TEST_HOST = "$(BUILT_PRODUCTS_DIR)/ARDrawing.app/ARDrawing";
			};
			name = Release;
		};
		C06F484423DAA04500BC6937 /* Debug */ = {
			isa = XCBuildConfiguration;
			buildSettings = {
				ALWAYS_EMBED_SWIFT_STANDARD_LIBRARIES = YES;
				CODE_SIGN_STYLE = Automatic;
				INFOPLIST_FILE = "AR DrawingUITests/Info.plist";
				LD_RUNPATH_SEARCH_PATHS = (
					"$(inherited)",
					"@executable_path/Frameworks",
					"@loader_path/Frameworks",
				);
				PRODUCT_BUNDLE_IDENTIFIER = "r.AR-DrawingUITests";
				PRODUCT_NAME = "$(TARGET_NAME)";
				SWIFT_VERSION = 5.0;
				TARGETED_DEVICE_FAMILY = "1,2";
				TEST_TARGET_NAME = "AR Drawing";
			};
			name = Debug;
		};
		C06F484523DAA04500BC6937 /* Release */ = {
			isa = XCBuildConfiguration;
			buildSettings = {
				ALWAYS_EMBED_SWIFT_STANDARD_LIBRARIES = YES;
				CODE_SIGN_STYLE = Automatic;
				INFOPLIST_FILE = "AR DrawingUITests/Info.plist";
				LD_RUNPATH_SEARCH_PATHS = (
					"$(inherited)",
					"@executable_path/Frameworks",
					"@loader_path/Frameworks",
				);
				PRODUCT_BUNDLE_IDENTIFIER = "r.AR-DrawingUITests";
				PRODUCT_NAME = "$(TARGET_NAME)";
				SWIFT_VERSION = 5.0;
				TARGETED_DEVICE_FAMILY = "1,2";
				TEST_TARGET_NAME = "AR Drawing";
			};
			name = Release;
		};
/* End XCBuildConfiguration section */

/* Begin XCConfigurationList section */
		C06F481023DAA04400BC6937 /* Build configuration list for PBXProject "ARDrawing" */ = {
			isa = XCConfigurationList;
			buildConfigurations = (
				C06F483B23DAA04500BC6937 /* Debug */,
				C06F483C23DAA04500BC6937 /* Release */,
			);
			defaultConfigurationIsVisible = 0;
			defaultConfigurationName = Release;
		};
		C06F483D23DAA04500BC6937 /* Build configuration list for PBXNativeTarget "ARDrawing" */ = {
			isa = XCConfigurationList;
			buildConfigurations = (
				C06F483E23DAA04500BC6937 /* Debug */,
				C06F483F23DAA04500BC6937 /* Release */,
			);
			defaultConfigurationIsVisible = 0;
			defaultConfigurationName = Release;
		};
		C06F484023DAA04500BC6937 /* Build configuration list for PBXNativeTarget "ARDrawingTests" */ = {
			isa = XCConfigurationList;
			buildConfigurations = (
				C06F484123DAA04500BC6937 /* Debug */,
				C06F484223DAA04500BC6937 /* Release */,
			);
			defaultConfigurationIsVisible = 0;
			defaultConfigurationName = Release;
		};
		C06F484323DAA04500BC6937 /* Build configuration list for PBXNativeTarget "ARDrawingUITests" */ = {
			isa = XCConfigurationList;
			buildConfigurations = (
				C06F484423DAA04500BC6937 /* Debug */,
				C06F484523DAA04500BC6937 /* Release */,
			);
			defaultConfigurationIsVisible = 0;
			defaultConfigurationName = Release;
		};
/* End XCConfigurationList section */
	};
	rootObject = C06F480D23DAA04400BC6937 /* Project object */;
}
